<?xml version="1.0" encoding="UTF-8" standalone="yes" ?>
<CodeBlocks_project_file>
	<FileVersion major="1" minor="6" />
	<Project>
		<Option title="SystemResource" />
		<Option platforms="Unix;" />
		<Option pch_mode="2" />
		<Option compiler="gcc" />
		<Build>
			<Target title="Debug">
				<Option output="../__Export__/X64B-Debug - Linux/SystemResource_DEBUG.lib" prefix_auto="0" extension_auto="0" />
				<Option working_dir="" />
				<Option object_output="../__Temp__/X64B-Debug - Linux/SystemResource/" />
				<Option type="2" />
				<Option compiler="gcc" />
				<Compiler>
					<Add option="-g" />
					<Add directory="Source" />
					<Add directory="../__Dependencies__/include" />
				</Compiler>
				<Linker>
					<Add option="-static" />
				</Linker>
			</Target>
			<Target title="Release">
				<Option output="../__Export__/X64B-Release - Linux/SystemResource_RELEASE.lib" prefix_auto="0" extension_auto="0" />
				<Option working_dir="" />
				<Option object_output="../__Temp__/X64B-Release - Linux/SystemResource/" />
				<Option type="2" />
				<Option compiler="gcc" />
				<Compiler>
					<Add option="-O2" />
					<Add directory="Source" />
					<Add directory="../__Dependencies__/include" />
				</Compiler>
				<Linker>
					<Add option="-s" />
				</Linker>
			</Target>
		</Build>
		<Compiler>
			<Add option="-Wall" />
		</Compiler>
		<Unit filename="Source/Algorithm/ADLER/Adler32.cpp" />
		<Unit filename="Source/Algorithm/ADLER/Adler32.h" />
		<Unit filename="Source/Algorithm/CRC32/CRC32.cpp" />
		<Unit filename="Source/Algorithm/CRC32/CRC32.h" />
		<Unit filename="Source/Algorithm/ISBN/ISBN.cpp" />
		<Unit filename="Source/Algorithm/ISBN/ISBN.h" />
		<Unit filename="Source/Async/AsyncLock.cpp" />
		<Unit filename="Source/Async/AsyncLock.h" />
		<Unit filename="Source/Async/Thread.cpp" />
		<Unit filename="Source/Async/Thread.h" />
		<Unit filename="Source/Camera/Camera.cpp" />
		<Unit filename="Source/Camera/Camera.h" />
		<Unit filename="Source/Camera/CameraPerspective.hpp" />
		<Unit filename="Source/ClipBoard/ClipBoard.cpp" />
		<Unit filename="Source/ClipBoard/ClipBoard.h" />
		<Unit filename="Source/ClipBoard/ClipBoardFormat.cpp" />
		<Unit filename="Source/ClipBoard/ClipBoardFormat.h" />
		<Unit filename="Source/Compression/ADAM7/ADAM7.cpp" />
		<Unit filename="Source/Compression/ADAM7/ADAM7.h" />
		<Unit filename="Source/Compression/DEFLATE/DeflateBlock.cpp" />
		<Unit filename="Source/Compression/DEFLATE/DeflateBlock.h" />
		<Unit filename="Source/Compression/DEFLATE/DeflateEncodingMethod.cpp" />
		<Unit filename="Source/Compression/DEFLATE/DeflateEncodingMethod.h" />
		<Unit filename="Source/Compression/HUFFMAN/HuffmanCodeType.cpp" />
		<Unit filename="Source/Compression/HUFFMAN/HuffmanCodeType.h" />
		<Unit filename="Source/Compression/HUFFMAN/HuffmanNumberCode.cpp" />
		<Unit filename="Source/Compression/HUFFMAN/HuffmanNumberCode.h" />
		<Unit filename="Source/Compression/HUFFMAN/HuffmanSymbol.cpp" />
		<Unit filename="Source/Compression/HUFFMAN/HuffmanSymbol.h" />
		<Unit filename="Source/Compression/HUFFMAN/HuffmanTree.cpp" />
		<Unit filename="Source/Compression/HUFFMAN/HuffmanTree.h" />
		<Unit filename="Source/Compression/ZLIB/ZLIB.cpp" />
		<Unit filename="Source/Compression/ZLIB/ZLIB.h" />
		<Unit filename="Source/Compression/ZLIB/ZLIBCompressionLevel.cpp" />
		<Unit filename="Source/Compression/ZLIB/ZLIBCompressionLevel.h" />
		<Unit filename="Source/Compression/ZLIB/ZLIBCompressionMethod.cpp" />
		<Unit filename="Source/Compression/ZLIB/ZLIBCompressionMethod.h" />
		<Unit filename="Source/Compression/ZLIB/ZLIBHeader.cpp" />
		<Unit filename="Source/Compression/ZLIB/ZLIBHeader.h" />
		<Unit filename="Source/Container/AsciiString.cpp" />
		<Unit filename="Source/Container/AsciiString.h" />
		<Unit filename="Source/Container/BinaryTree/BinaryTree.hpp" />
		<Unit filename="Source/Container/BinaryTree/BinaryTreeData.hpp" />
		<Unit filename="Source/Container/BinaryTree/BinaryTreeDataRotationInformation.h" />
		<Unit filename="Source/Container/BinaryTree/BinaryTreeDirection.h" />
		<Unit filename="Source/Container/BinaryTree/BinaryTreeNode.hpp" />
		<Unit filename="Source/Container/BitStreamHusk.cpp" />
		<Unit filename="Source/Container/BitStreamHusk.h" />
		<Unit filename="Source/Container/ClusterInt.h" />
		<Unit filename="Source/Container/ClusterLongLong.h" />
		<Unit filename="Source/Container/ClusterShort.h" />
		<Unit filename="Source/Container/Dictionary.hpp" />
		<Unit filename="Source/Container/DictionaryStatic.hpp" />
		<Unit filename="Source/Container/LinkedList.hpp" />
		<Unit filename="Source/Container/LinkedListNode.hpp" />
		<Unit filename="Source/Container/List.hpp" />
		<Unit filename="Source/Container/QuadTree/QuadTree.hpp" />
		<Unit filename="Source/Container/QuadTree/QuadTreeChunk.hpp" />
		<Unit filename="Source/Container/QuadTree/QuadTreeDirection.hpp" />
		<Unit filename="Source/Container/Queue.hpp" />
		<Unit filename="Source/Container/QueueMapping.cpp" />
		<Unit filename="Source/Container/QueueMapping.h" />
		<Unit filename="Source/Container/RingBuffer.hpp" />
		<Unit filename="Source/Container/Table.hpp" />
		<Unit filename="Source/Controller/ControllerData.cpp" />
		<Unit filename="Source/Controller/ControllerData.h" />
		<Unit filename="Source/Controller/ControllerSystem.cpp" />
		<Unit filename="Source/Controller/ControllerSystem.h" />
		<Unit filename="Source/Controller/KeyBoardKey.cpp" />
		<Unit filename="Source/Controller/KeyBoardKey.h" />
		<Unit filename="Source/DataBase/DataBase.cpp" />
		<Unit filename="Source/DataBase/DataBase.h" />
		<Unit filename="Source/DataBase/SQLResult.cpp" />
		<Unit filename="Source/DataBase/SQLResult.h" />
		<Unit filename="Source/DataBase/SQLType.cpp" />
		<Unit filename="Source/DataBase/SQLType.h" />
		<Unit filename="Source/Email/EML.cpp" />
		<Unit filename="Source/Email/EML.h" />
		<Unit filename="Source/Encryption/Caesar.cpp" />
		<Unit filename="Source/Encryption/Caesar.h" />
		<Unit filename="Source/Encryption/ICypher.cpp" />
		<Unit filename="Source/Encryption/ICypher.h" />
		<Unit filename="Source/Encryption/MD5/MD5.cpp" />
		<Unit filename="Source/Encryption/MD5/MD5.h" />
		<Unit filename="Source/Encryption/RSA/Euklid.cpp" />
		<Unit filename="Source/Encryption/RSA/Euklid.h" />
		<Unit filename="Source/Encryption/RSA/Euklid_element.h" />
		<Unit filename="Source/Encryption/RSA/Koerper.cpp" />
		<Unit filename="Source/Encryption/RSA/Koerper.h" />
		<Unit filename="Source/Encryption/RSA/RSA.cpp" />
		<Unit filename="Source/Encryption/RSA/RSA.h" />
		<Unit filename="Source/Encryption/RSA/RSAKeys.h" />
		<Unit filename="Source/Encryption/RSA/Restklassen.cpp" />
		<Unit filename="Source/Encryption/RSA/Restklassen.h" />
		<Unit filename="Source/Encryption/SHA/SHA1.cpp" />
		<Unit filename="Source/Encryption/SHA/SHA1.h" />
		<Unit filename="Source/ErrorCode.cpp" />
		<Unit filename="Source/ErrorCode.h" />
		<Unit filename="Source/Event/Event.hpp" />
		<Unit filename="Source/File/Bash.cpp" />
		<Unit filename="Source/File/Bash.h" />
		<Unit filename="Source/File/ByteStream.cpp" />
		<Unit filename="Source/File/ByteStream.h" />
		<Unit filename="Source/File/Endian.h" />
		<Unit filename="Source/File/File.cpp" />
		<Unit filename="Source/File/File.h" />
		<Unit filename="Source/File/FileActionResult.hpp" />
		<Unit filename="Source/File/FileCachingMode.cpp" />
		<Unit filename="Source/File/FileCachingMode.h" />
		<Unit filename="Source/File/FileLocation.cpp" />
		<Unit filename="Source/File/FileLocation.h" />
		<Unit filename="Source/File/FileOpenMode.hpp" />
		<Unit filename="Source/File/FilePath.cpp" />
		<Unit filename="Source/File/FilePath.h" />
		<Unit filename="Source/File/FilePersistence.hpp" />
		<Unit filename="Source/File/FileTemporary.cpp" />
		<Unit filename="Source/File/FileTemporary.h" />
		<Unit filename="Source/File/IFile.cpp" />
		<Unit filename="Source/File/IFile.h" />
		<Unit filename="Source/File/OpenFileDialog.cpp" />
		<Unit filename="Source/File/OpenFileDialog.h" />
		<Unit filename="Source/File/ParsingToken.cpp" />
		<Unit filename="Source/File/ParsingToken.h" />
		<Unit filename="Source/File/Program.cpp" />
		<Unit filename="Source/File/Program.h" />
		<Unit filename="Source/File/ProgramExecuteInfo.cpp" />
		<Unit filename="Source/File/ProgramExecuteInfo.h" />
		<Unit filename="Source/File/ProgramExecuteResultListener.hpp" />
		<Unit filename="Source/GameCleaved/main.cpp" />
		<Unit filename="Source/Graphic/DirectX/DirectX.cpp" />
		<Unit filename="Source/Graphic/DirectX/DirectX.h" />
		<Unit filename="Source/Graphic/Graphic.cpp" />
		<Unit filename="Source/Graphic/Graphic.h" />
		<Unit filename="Source/Graphic/OpenGL/ImageFilter.h" />
		<Unit filename="Source/Graphic/OpenGL/ImageLayout.h" />
		<Unit filename="Source/Graphic/OpenGL/ImageType.cpp" />
		<Unit filename="Source/Graphic/OpenGL/ImageType.h" />
		<Unit filename="Source/Graphic/OpenGL/ImageWrap.h" />
		<Unit filename="Source/Graphic/OpenGL/OpenGL.cpp" />
		<Unit filename="Source/Graphic/OpenGL/OpenGL.h" />
		<Unit filename="Source/Graphic/OpenGL/RenderMode.h" />
		<Unit filename="Source/Graphic/OpenGL/Renderable.cpp" />
		<Unit filename="Source/Graphic/OpenGL/Renderable.h" />
		<Unit filename="Source/Graphic/OpenGL/RenderableChunk.cpp" />
		<Unit filename="Source/Graphic/OpenGL/RenderableChunk.h" />
		<Unit filename="Source/Graphic/OpenGL/RenderableSegment.cpp" />
		<Unit filename="Source/Graphic/OpenGL/RenderableSegment.h" />
		<Unit filename="Source/Graphic/OpenGL/Resource.cpp" />
		<Unit filename="Source/Graphic/OpenGL/Resource.h" />
		<Unit filename="Source/Graphic/OpenGL/ResourceAsyncLoadInfo.cpp" />
		<Unit filename="Source/Graphic/OpenGL/ResourceAsyncLoadInfo.h" />
		<Unit filename="Source/Graphic/OpenGL/ResourceInfo.cpp" />
		<Unit filename="Source/Graphic/OpenGL/ResourceInfo.h" />
		<Unit filename="Source/Graphic/OpenGL/ResourceLoadMode.h" />
		<Unit filename="Source/Graphic/OpenGL/ResourceType.hpp" />
		<Unit filename="Source/Graphic/OpenGL/SkyBox.cpp" />
		<Unit filename="Source/Graphic/OpenGL/SkyBox.h" />
		<Unit filename="Source/Graphic/OpenGL/Sprite.cpp" />
		<Unit filename="Source/Graphic/OpenGL/Sprite.h" />
		<Unit filename="Source/Graphic/OpenGL/Texture.cpp" />
		<Unit filename="Source/Graphic/OpenGL/Texture.h" />
		<Unit filename="Source/Graphic/OpenGL/TextureCube.cpp" />
		<Unit filename="Source/Graphic/OpenGL/TextureCube.h" />
		<Unit filename="Source/Graphic/Vulcan/Vulcan.cpp" />
		<Unit filename="Source/Graphic/Vulcan/Vulcan.h" />
		<Unit filename="Source/Hardware/MainBoard/MainBoard.cpp" />
		<Unit filename="Source/Hardware/MainBoard/MainBoard.h" />
		<Unit filename="Source/Hardware/Memory/Memory.cpp" />
		<Unit filename="Source/Hardware/Memory/Memory.h" />
		<Unit filename="Source/Hardware/Memory/MemoryProtectionMode.cpp" />
		<Unit filename="Source/Hardware/Memory/MemoryProtectionMode.h" />
		<Unit filename="Source/Hardware/Memory/MemoryUsage.cpp" />
		<Unit filename="Source/Hardware/Memory/MemoryUsage.h" />
		<Unit filename="Source/Hardware/Monitor/Monitor.cpp" />
		<Unit filename="Source/Hardware/Monitor/Monitor.h" />
		<Unit filename="Source/Hardware/Processor/Processor.cpp" />
		<Unit filename="Source/Hardware/Processor/Processor.h" />
		<Unit filename="Source/IFileFormat.hpp" />
		<Unit filename="Source/Level/Level.cpp" />
		<Unit filename="Source/Library/Library.cpp" />
		<Unit filename="Source/Library/Library.h" />
		<Unit filename="Source/Math/Complex.h" />
		<Unit filename="Source/Math/Diagrams/BoxPlot.hpp" />
		<Unit filename="Source/Math/Geometry/AngleDegree.hpp" />
		<Unit filename="Source/Math/Geometry/AngleRadians.hpp" />
		<Unit filename="Source/Math/Geometry/Form/Cone.cpp" />
		<Unit filename="Source/Math/Geometry/Form/Cone.h" />
		<Unit filename="Source/Math/Geometry/Form/Cube.cpp" />
		<Unit filename="Source/Math/Geometry/Form/Cube.h" />
		<Unit filename="Source/Math/Geometry/Form/Cuboid.cpp" />
		<Unit filename="Source/Math/Geometry/Form/Cuboid.h" />
		<Unit filename="Source/Math/Geometry/Form/Cylinder.cpp" />
		<Unit filename="Source/Math/Geometry/Form/Cylinder.h" />
		<Unit filename="Source/Math/Geometry/Form/Form.cpp" />
		<Unit filename="Source/Math/Geometry/Form/Form.h" />
		<Unit filename="Source/Math/Geometry/Form/Icosahedron.cpp" />
		<Unit filename="Source/Math/Geometry/Form/Icosahedron.h" />
		<Unit filename="Source/Math/Geometry/Form/Sphere.cpp" />
		<Unit filename="Source/Math/Geometry/Form/Sphere.h" />
		<Unit filename="Source/Math/Geometry/Form/SquarePyramid.cpp" />
		<Unit filename="Source/Math/Geometry/Form/SquarePyramid.h" />
		<Unit filename="Source/Math/Geometry/Matrix.hpp" />
		<Unit filename="Source/Math/Geometry/Matrix2x2.hpp" />
		<Unit filename="Source/Math/Geometry/Matrix3x3.hpp" />
		<Unit filename="Source/Math/Geometry/Matrix4x4.hpp" />
		<Unit filename="Source/Math/Geometry/Padding.hpp" />
		<Unit filename="Source/Math/Geometry/Rectangle.hpp" />
		<Unit filename="Source/Math/Geometry/Shape/Circle.cpp" />
		<Unit filename="Source/Math/Geometry/Shape/Circle.h" />
		<Unit filename="Source/Math/Geometry/Shape/Hexagon.cpp" />
		<Unit filename="Source/Math/Geometry/Shape/Hexagon.h" />
		<Unit filename="Source/Math/Geometry/Shape/Pentagon.cpp" />
		<Unit filename="Source/Math/Geometry/Shape/Pentagon.h" />
		<Unit filename="Source/Math/Geometry/Shape/Shape.cpp" />
		<Unit filename="Source/Math/Geometry/Shape/Shape.h" />
		<Unit filename="Source/Math/Geometry/Shape/Square.cpp" />
		<Unit filename="Source/Math/Geometry/Shape/Square.h" />
		<Unit filename="Source/Math/Geometry/Shape/Star.cpp" />
		<Unit filename="Source/Math/Geometry/Shape/Star.h" />
		<Unit filename="Source/Math/Geometry/Shape/Triangle.cpp" />
		<Unit filename="Source/Math/Geometry/Shape/Triangle.h" />
		<Unit filename="Source/Math/Geometry/Vector2.hpp" />
		<Unit filename="Source/Math/Geometry/Vector3.hpp" />
		<Unit filename="Source/Math/Geometry/Vector4.hpp" />
		<Unit filename="Source/Math/Interpolate.cpp" />
		<Unit filename="Source/Math/Interpolate.h" />
		<Unit filename="Source/Math/Math.cpp" />
		<Unit filename="Source/Math/Math.h" />
		<Unit filename="Source/Math/Physic/PhysicsDynamic.hpp" />
		<Unit filename="Source/Math/Physic/PhysicsStatic.hpp" />
		<Unit filename="Source/Math/Primes.cpp" />
		<Unit filename="Source/Math/Primes.h" />
		<Unit filename="Source/Media/Font/FNT/FNT.cpp" />
		<Unit filename="Source/Media/Font/FNT/FNT.h" />
		<Unit filename="Source/Media/Font/FNT/FNTChanalMode.h" />
		<Unit filename="Source/Media/Font/FNT/FNTCharacter.cpp" />
		<Unit filename="Source/Media/Font/FNT/FNTCharacter.h" />
		<Unit filename="Source/Media/Font/FNT/FNTCommand.h" />
		<Unit filename="Source/Media/Font/FNT/FNTCommonData.cpp" />
		<Unit filename="Source/Media/Font/FNT/FNTCommonData.h" />
		<Unit filename="Source/Media/Font/FNT/FNTInfo.cpp" />
		<Unit filename="Source/Media/Font/FNT/FNTInfo.h" />
		<Unit filename="Source/Media/Font/FNT/FNTLineType.cpp" />
		<Unit filename="Source/Media/Font/FNT/FNTLineType.h" />
		<Unit filename="Source/Media/Font/FNT/FNTPage.cpp" />
		<Unit filename="Source/Media/Font/FNT/FNTPage.h" />
		<Unit filename="Source/Media/Font/Font.cpp" />
		<Unit filename="Source/Media/Font/Font.h" />
		<Unit filename="Source/Media/Font/FontFormat.h" />
		<Unit filename="Source/Media/Font/IFontFormat.hpp" />
		<Unit filename="Source/Media/Font/OTF/OTF.cpp" />
		<Unit filename="Source/Media/Font/OTF/OTF.h" />
		<Unit filename="Source/Media/Font/TTF/Chunks/CMAP/EncodingID.cpp" />
		<Unit filename="Source/Media/Font/TTF/Chunks/CMAP/EncodingID.h" />
		<Unit filename="Source/Media/Font/TTF/Chunks/CMAP/EncodingRecord.cpp" />
		<Unit filename="Source/Media/Font/TTF/Chunks/CMAP/EncodingRecord.h" />
		<Unit filename="Source/Media/Font/TTF/Chunks/CMAP/PlatformID.cpp" />
		<Unit filename="Source/Media/Font/TTF/Chunks/CMAP/PlatformID.h" />
		<Unit filename="Source/Media/Font/TTF/Chunks/CMAP/TTFCharacterMapping.cpp" />
		<Unit filename="Source/Media/Font/TTF/Chunks/CMAP/TTFCharacterMapping.h" />
		<Unit filename="Source/Media/Font/TTF/Chunks/DSIG/TTFDigitalSignature.cpp" />
		<Unit filename="Source/Media/Font/TTF/Chunks/DSIG/TTFDigitalSignature.h" />
		<Unit filename="Source/Media/Font/TTF/Chunks/DSIG/TTFDigitalSignatureBlock.cpp" />
		<Unit filename="Source/Media/Font/TTF/Chunks/DSIG/TTFDigitalSignatureBlock.h" />
		<Unit filename="Source/Media/Font/TTF/Chunks/DSIG/TTFDigitalSignatureRecord.cpp" />
		<Unit filename="Source/Media/Font/TTF/Chunks/DSIG/TTFDigitalSignatureRecord.h" />
		<Unit filename="Source/Media/Font/TTF/Chunks/KERN/TTFKerning.cpp" />
		<Unit filename="Source/Media/Font/TTF/Chunks/KERN/TTFKerning.h" />
		<Unit filename="Source/Media/Font/TTF/Chunks/KERN/TTFKerningPair.cpp" />
		<Unit filename="Source/Media/Font/TTF/Chunks/KERN/TTFKerningPair.h" />
		<Unit filename="Source/Media/Font/TTF/Chunks/KERN/TTFKerningSubtable.cpp" />
		<Unit filename="Source/Media/Font/TTF/Chunks/KERN/TTFKerningSubtable.h" />
		<Unit filename="Source/Media/Font/TTF/Chunks/KERN/TTFSubtableFormat0.cpp" />
		<Unit filename="Source/Media/Font/TTF/Chunks/KERN/TTFSubtableFormat0.h" />
		<Unit filename="Source/Media/Font/TTF/Chunks/KERN/TTFSubtableFormat2.cpp" />
		<Unit filename="Source/Media/Font/TTF/Chunks/KERN/TTFSubtableFormat2.h" />
		<Unit filename="Source/Media/Font/TTF/Chunks/OS2/Panose/TTFArmStyle.cpp" />
		<Unit filename="Source/Media/Font/TTF/Chunks/OS2/Panose/TTFArmStyle.h" />
		<Unit filename="Source/Media/Font/TTF/Chunks/OS2/Panose/TTFContrast.cpp" />
		<Unit filename="Source/Media/Font/TTF/Chunks/OS2/Panose/TTFContrast.h" />
		<Unit filename="Source/Media/Font/TTF/Chunks/OS2/Panose/TTFFamilyType.cpp" />
		<Unit filename="Source/Media/Font/TTF/Chunks/OS2/Panose/TTFFamilyType.h" />
		<Unit filename="Source/Media/Font/TTF/Chunks/OS2/Panose/TTFHeightX.cpp" />
		<Unit filename="Source/Media/Font/TTF/Chunks/OS2/Panose/TTFHeightX.h" />
		<Unit filename="Source/Media/Font/TTF/Chunks/OS2/Panose/TTFLetterform.cpp" />
		<Unit filename="Source/Media/Font/TTF/Chunks/OS2/Panose/TTFLetterform.h" />
		<Unit filename="Source/Media/Font/TTF/Chunks/OS2/Panose/TTFMidline.cpp" />
		<Unit filename="Source/Media/Font/TTF/Chunks/OS2/Panose/TTFMidline.h" />
		<Unit filename="Source/Media/Font/TTF/Chunks/OS2/Panose/TTFPanose.cpp" />
		<Unit filename="Source/Media/Font/TTF/Chunks/OS2/Panose/TTFPanose.h" />
		<Unit filename="Source/Media/Font/TTF/Chunks/OS2/Panose/TTFProportion.cpp" />
		<Unit filename="Source/Media/Font/TTF/Chunks/OS2/Panose/TTFProportion.h" />
		<Unit filename="Source/Media/Font/TTF/Chunks/OS2/Panose/TTFSerifStyle.cpp" />
		<Unit filename="Source/Media/Font/TTF/Chunks/OS2/Panose/TTFSerifStyle.h" />
		<Unit filename="Source/Media/Font/TTF/Chunks/OS2/Panose/TTFStrokeVariatoon.cpp" />
		<Unit filename="Source/Media/Font/TTF/Chunks/OS2/Panose/TTFStrokeVariatoon.h" />
		<Unit filename="Source/Media/Font/TTF/Chunks/OS2/Panose/TTFWeight.cpp" />
		<Unit filename="Source/Media/Font/TTF/Chunks/OS2/Panose/TTFWeight.h" />
		<Unit filename="Source/Media/Font/TTF/Chunks/OS2/TTFCompatibility.cpp" />
		<Unit filename="Source/Media/Font/TTF/Chunks/OS2/TTFCompatibility.h" />
		<Unit filename="Source/Media/Font/TTF/Chunks/TTFHeader.cpp" />
		<Unit filename="Source/Media/Font/TTF/Chunks/TTFHeader.h" />
		<Unit filename="Source/Media/Font/TTF/Chunks/TTFHorizontalHeader.cpp" />
		<Unit filename="Source/Media/Font/TTF/Chunks/TTFHorizontalHeader.h" />
		<Unit filename="Source/Media/Font/TTF/Chunks/TTFLinearThreshold.cpp" />
		<Unit filename="Source/Media/Font/TTF/Chunks/TTFLinearThreshold.h" />
		<Unit filename="Source/Media/Font/TTF/Chunks/TTFMaximumProfile.cpp" />
		<Unit filename="Source/Media/Font/TTF/Chunks/TTFMaximumProfile.h" />
		<Unit filename="Source/Media/Font/TTF/Chunks/TTFOffsetTable.cpp" />
		<Unit filename="Source/Media/Font/TTF/Chunks/TTFOffsetTable.h" />
		<Unit filename="Source/Media/Font/TTF/Chunks/TTFPostScript.cpp" />
		<Unit filename="Source/Media/Font/TTF/Chunks/TTFPostScript.h" />
		<Unit filename="Source/Media/Font/TTF/Chunks/TTFVersion.cpp" />
		<Unit filename="Source/Media/Font/TTF/Chunks/TTFVersion.h" />
		<Unit filename="Source/Media/Font/TTF/Chunks/TTFVersionType.cpp" />
		<Unit filename="Source/Media/Font/TTF/Chunks/TTFVersionType.h" />
		<Unit filename="Source/Media/Font/TTF/Chunks/TTFVerticalDeviceMetrics.cpp" />
		<Unit filename="Source/Media/Font/TTF/Chunks/TTFVerticalDeviceMetrics.h" />
		<Unit filename="Source/Media/Font/TTF/TTF.cpp" />
		<Unit filename="Source/Media/Font/TTF/TTF.h" />
		<Unit filename="Source/Media/Font/TTF/TTFTableEntry.cpp" />
		<Unit filename="Source/Media/Font/TTF/TTFTableEntry.h" />
		<Unit filename="Source/Media/Font/TTF/TTFTableEntryType.cpp" />
		<Unit filename="Source/Media/Font/TTF/TTFTableEntryType.h" />
		<Unit filename="Source/Media/ID3/ID3.cpp" />
		<Unit filename="Source/Media/ID3/ID3.h" />
		<Unit filename="Source/Media/ID3/ID3Version.cpp" />
		<Unit filename="Source/Media/ID3/ID3Version.h" />
		<Unit filename="Source/Media/ID3/ID3v2xFrameTag.cpp" />
		<Unit filename="Source/Media/ID3/ID3v2xFrameTag.h" />
		<Unit filename="Source/Media/Image/BMP/BMP.cpp" />
		<Unit filename="Source/Media/Image/BMP/BMP.h" />
		<Unit filename="Source/Media/Image/BMP/BMPInfoHeader.cpp" />
		<Unit filename="Source/Media/Image/BMP/BMPInfoHeader.h" />
		<Unit filename="Source/Media/Image/BMP/BMPInfoHeaderType.cpp" />
		<Unit filename="Source/Media/Image/BMP/BMPInfoHeaderType.h" />
		<Unit filename="Source/Media/Image/BMP/BMPType.cpp" />
		<Unit filename="Source/Media/Image/BMP/BMPType.h" />
		<Unit filename="Source/Media/Image/GIF/GIF.cpp" />
		<Unit filename="Source/Media/Image/GIF/GIF.h" />
		<Unit filename="Source/Media/Image/GIF/GIFImageDescriptor.cpp" />
		<Unit filename="Source/Media/Image/GIF/GIFImageDescriptor.h" />
		<Unit filename="Source/Media/Image/IImageFormat.h" />
		<Unit filename="Source/Media/Image/Image.cpp" />
		<Unit filename="Source/Media/Image/Image.h" />
		<Unit filename="Source/Media/Image/ImageDataFormat.cpp" />
		<Unit filename="Source/Media/Image/ImageDataFormat.h" />
		<Unit filename="Source/Media/Image/ImageFileFormat.cpp" />
		<Unit filename="Source/Media/Image/ImageFileFormat.h" />
		<Unit filename="Source/Media/Image/JPEG/JPEG.cpp" />
		<Unit filename="Source/Media/Image/JPEG/JPEG.h" />
		<Unit filename="Source/Media/Image/JPEG/JPEGFileInfo.cpp" />
		<Unit filename="Source/Media/Image/JPEG/JPEGFileInfo.h" />
		<Unit filename="Source/Media/Image/JPEG/JPEGFrame.cpp" />
		<Unit filename="Source/Media/Image/JPEG/JPEGFrame.h" />
		<Unit filename="Source/Media/Image/JPEG/JPEGFrameComponent.cpp" />
		<Unit filename="Source/Media/Image/JPEG/JPEGFrameComponent.h" />
		<Unit filename="Source/Media/Image/JPEG/JPEGHuffmanTable.cpp" />
		<Unit filename="Source/Media/Image/JPEG/JPEGHuffmanTable.h" />
		<Unit filename="Source/Media/Image/JPEG/JPEGMarker.cpp" />
		<Unit filename="Source/Media/Image/JPEG/JPEGMarker.h" />
		<Unit filename="Source/Media/Image/JPEG/JPEGScanSelector.cpp" />
		<Unit filename="Source/Media/Image/JPEG/JPEGScanSelector.h" />
		<Unit filename="Source/Media/Image/JPEG/JPEGScanStart.cpp" />
		<Unit filename="Source/Media/Image/JPEG/JPEGScanStart.h" />
		<Unit filename="Source/Media/Image/PNG/Chunk/PNGBackgroundColor.cpp" />
		<Unit filename="Source/Media/Image/PNG/Chunk/PNGBackgroundColor.h" />
		<Unit filename="Source/Media/Image/PNG/Chunk/PNGChunk.cpp" />
		<Unit filename="Source/Media/Image/PNG/Chunk/PNGChunk.h" />
		<Unit filename="Source/Media/Image/PNG/Chunk/PNGChunkType.cpp" />
		<Unit filename="Source/Media/Image/PNG/Chunk/PNGChunkType.h" />
		<Unit filename="Source/Media/Image/PNG/Chunk/PNGColorType.cpp" />
		<Unit filename="Source/Media/Image/PNG/Chunk/PNGColorType.h" />
		<Unit filename="Source/Media/Image/PNG/Chunk/PNGImageHeader.cpp" />
		<Unit filename="Source/Media/Image/PNG/Chunk/PNGImageHeader.h" />
		<Unit filename="Source/Media/Image/PNG/Chunk/PNGInterlaceMethod.cpp" />
		<Unit filename="Source/Media/Image/PNG/Chunk/PNGInterlaceMethod.h" />
		<Unit filename="Source/Media/Image/PNG/Chunk/PNGLastModificationTime.cpp" />
		<Unit filename="Source/Media/Image/PNG/Chunk/PNGLastModificationTime.h" />
		<Unit filename="Source/Media/Image/PNG/Chunk/PNGPalette.cpp" />
		<Unit filename="Source/Media/Image/PNG/Chunk/PNGPalette.h" />
		<Unit filename="Source/Media/Image/PNG/Chunk/PNGPaletteHistogram.cpp" />
		<Unit filename="Source/Media/Image/PNG/Chunk/PNGPaletteHistogram.h" />
		<Unit filename="Source/Media/Image/PNG/Chunk/PNGPhysicalPixelDimension.cpp" />
		<Unit filename="Source/Media/Image/PNG/Chunk/PNGPhysicalPixelDimension.h" />
		<Unit filename="Source/Media/Image/PNG/Chunk/PNGPrimaryChromatics.cpp" />
		<Unit filename="Source/Media/Image/PNG/Chunk/PNGPrimaryChromatics.h" />
		<Unit filename="Source/Media/Image/PNG/Chunk/PNGSuggestedPalette.cpp" />
		<Unit filename="Source/Media/Image/PNG/Chunk/PNGSuggestedPalette.h" />
		<Unit filename="Source/Media/Image/PNG/Chunk/PNGTransparency.cpp" />
		<Unit filename="Source/Media/Image/PNG/Chunk/PNGTransparency.h" />
		<Unit filename="Source/Media/Image/PNG/PNG.cpp" />
		<Unit filename="Source/Media/Image/PNG/PNG.h" />
		<Unit filename="Source/Media/Image/PNG/PNGColorCompressor.cpp" />
		<Unit filename="Source/Media/Image/PNG/PNGColorCompressor.h" />
		<Unit filename="Source/Media/Image/PNG/PNGColorTree.cpp" />
		<Unit filename="Source/Media/Image/PNG/PNGColorTree.h" />
		<Unit filename="Source/Media/Image/QOI/QOI.cpp" />
		<Unit filename="Source/Media/Image/QOI/QOI.h" />
		<Unit filename="Source/Media/Image/SVG/SVG.cpp" />
		<Unit filename="Source/Media/Image/SVG/SVG.h" />
		<Unit filename="Source/Media/Image/TGA/TGA.cpp" />
		<Unit filename="Source/Media/Image/TGA/TGA.h" />
		<Unit filename="Source/Media/Image/TGA/TGABitsPerPixel.cpp" />
		<Unit filename="Source/Media/Image/TGA/TGABitsPerPixel.h" />
		<Unit filename="Source/Media/Image/TGA/TGAColorType.h" />
		<Unit filename="Source/Media/Image/TGA/TGAImageDataType.cpp" />
		<Unit filename="Source/Media/Image/TGA/TGAImageDataType.h" />
		<Unit filename="Source/Media/Image/TIFF/TIFF.cpp" />
		<Unit filename="Source/Media/Image/TIFF/TIFF.h" />
		<Unit filename="Source/Media/Image/WEBP/WEBP.cpp" />
		<Unit filename="Source/Media/Image/WEBP/WEBP.h" />
		<Unit filename="Source/Media/LAME/LAME.cpp" />
		<Unit filename="Source/Media/LAME/LAME.h" />
		<Unit filename="Source/Media/RIFF/RIFF.cpp" />
		<Unit filename="Source/Media/RIFF/RIFF.h" />
		<Unit filename="Source/Media/RIFF/RIFFFormat.cpp" />
		<Unit filename="Source/Media/RIFF/RIFFFormat.h" />
		<Unit filename="Source/Media/Sound/AAC/AAC.cpp" />
		<Unit filename="Source/Media/Sound/AAC/AAC.h" />
		<Unit filename="Source/Media/Sound/AudioClip.cpp" />
		<Unit filename="Source/Media/Sound/AudioClip.h" />
		<Unit filename="Source/Media/Sound/AudioConfig.cpp" />
		<Unit filename="Source/Media/Sound/AudioConfig.h" />
		<Unit filename="Source/Media/Sound/AudioSource.cpp" />
		<Unit filename="Source/Media/Sound/AudioSource.h" />
		<Unit filename="Source/Media/Sound/FLAC/FLAC.cpp" />
		<Unit filename="Source/Media/Sound/FLAC/FLAC.h" />
		<Unit filename="Source/Media/Sound/ISoundFormat.hpp" />
		<Unit filename="Source/Media/Sound/M4A/M4A.cpp" />
		<Unit filename="Source/Media/Sound/M4A/M4A.h" />
		<Unit filename="Source/Media/Sound/M4A/M4AChunkID.cpp" />
		<Unit filename="Source/Media/Sound/M4A/M4AChunkID.h" />
		<Unit filename="Source/Media/Sound/MID/MID.cpp" />
		<Unit filename="Source/Media/Sound/MID/MID.h" />
		<Unit filename="Source/Media/Sound/MID/MIDICommand.cpp" />
		<Unit filename="Source/Media/Sound/MID/MIDICommand.h" />
		<Unit filename="Source/Media/Sound/MID/MIDICommandExtended.cpp" />
		<Unit filename="Source/Media/Sound/MID/MIDICommandExtended.h" />
		<Unit filename="Source/Media/Sound/MID/MIDINote.cpp" />
		<Unit filename="Source/Media/Sound/MID/MIDINote.h" />
		<Unit filename="Source/Media/Sound/MID/MIDITrack.cpp" />
		<Unit filename="Source/Media/Sound/MID/MIDITrack.h" />
		<Unit filename="Source/Media/Sound/MID/MIDITrackHeader.cpp" />
		<Unit filename="Source/Media/Sound/MID/MIDITrackHeader.h" />
		<Unit filename="Source/Media/Sound/MP3/MP3.cpp" />
		<Unit filename="Source/Media/Sound/MP3/MP3.h" />
		<Unit filename="Source/Media/Sound/MP3/MP3ChannelMode.hpp" />
		<Unit filename="Source/Media/Sound/MP3/MP3Emphasis.hpp" />
		<Unit filename="Source/Media/Sound/MP3/MP3Header.cpp" />
		<Unit filename="Source/Media/Sound/MP3/MP3Header.h" />
		<Unit filename="Source/Media/Sound/MP3/MP3Layer.hpp" />
		<Unit filename="Source/Media/Sound/MP3/MP3MPEGVersion.hpp" />
		<Unit filename="Source/Media/Sound/MP3/MPEGAudioTag.cpp" />
		<Unit filename="Source/Media/Sound/MP3/MPEGAudioTag.h" />
		<Unit filename="Source/Media/Sound/MP3/MPEGGenre.cpp" />
		<Unit filename="Source/Media/Sound/MP3/MPEGGenre.hpp" />
		<Unit filename="Source/Media/Sound/OGG/OGG.cpp" />
		<Unit filename="Source/Media/Sound/OGG/OGG.h" />
		<Unit filename="Source/Media/Sound/OGG/OGGPage.cpp" />
		<Unit filename="Source/Media/Sound/OGG/OGGPage.h" />
		<Unit filename="Source/Media/Sound/Sound.cpp" />
		<Unit filename="Source/Media/Sound/Sound.h" />
		<Unit filename="Source/Media/Sound/SoundFormat.h" />
		<Unit filename="Source/Media/Sound/SoundPlayStyle.hpp" />
		<Unit filename="Source/Media/Sound/WAV/FMT.cpp" />
		<Unit filename="Source/Media/Sound/WAV/FMT.h" />
		<Unit filename="Source/Media/Sound/WAV/WAV.cpp" />
		<Unit filename="Source/Media/Sound/WAV/WAV.h" />
		<Unit filename="Source/Media/Sound/WMA/WMA.cpp" />
		<Unit filename="Source/Media/Sound/WMA/WMA.h" />
		<Unit filename="Source/Media/Video/AVI/AVI.cpp" />
		<Unit filename="Source/Media/Video/AVI/AVI.h" />
		<Unit filename="Source/Media/Video/AVI/AVIHeader.cpp" />
		<Unit filename="Source/Media/Video/AVI/AVIHeader.h" />
		<Unit filename="Source/Media/Video/IVideoFormat.hpp" />
		<Unit filename="Source/Media/Video/MP4/MP4.cpp" />
		<Unit filename="Source/Media/Video/MP4/MP4.h" />
		<Unit filename="Source/Media/Video/RefreshRateMode.h" />
		<Unit filename="Source/Media/Video/Video.cpp" />
		<Unit filename="Source/Media/Video/Video.h" />
		<Unit filename="Source/Media/Video/WEBM/WebM.cpp" />
		<Unit filename="Source/Media/Video/WEBM/WebM.h" />
		<Unit filename="Source/Media/XingInfo/XingInfo.cpp" />
		<Unit filename="Source/Media/XingInfo/XingInfo.h" />
		<Unit filename="Source/Model/3DS/A3DS.cpp" />
		<Unit filename="Source/Model/3DS/A3DS.h" />
		<Unit filename="Source/Model/FBX/FBX.cpp" />
		<Unit filename="Source/Model/FBX/FBX.h" />
		<Unit filename="Source/Model/IModelFormat.hpp" />
		<Unit filename="Source/Model/LinkedMesh.cpp" />
		<Unit filename="Source/Model/LinkedMesh.h" />
		<Unit filename="Source/Model/Material.cpp" />
		<Unit filename="Source/Model/Material.h" />
		<Unit filename="Source/Model/Mesh.cpp" />
		<Unit filename="Source/Model/Mesh.h" />
		<Unit filename="Source/Model/MeshIndexData.cpp" />
		<Unit filename="Source/Model/MeshIndexData.h" />
		<Unit filename="Source/Model/MeshSegment.cpp" />
		<Unit filename="Source/Model/MeshSegment.h" />
		<Unit filename="Source/Model/Model.cpp" />
		<Unit filename="Source/Model/Model.h" />
		<Unit filename="Source/Model/ModelType.h" />
		<Unit filename="Source/Model/OBJ/MTL/IlluminationMode.h" />
		<Unit filename="Source/Model/OBJ/MTL/MTL.cpp" />
		<Unit filename="Source/Model/OBJ/MTL/MTL.h" />
		<Unit filename="Source/Model/OBJ/MTL/MTLCommand.h" />
		<Unit filename="Source/Model/OBJ/MTL/MTLMaterial.h" />
		<Unit filename="Source/Model/OBJ/OBJ.cpp" />
		<Unit filename="Source/Model/OBJ/OBJ.h" />
		<Unit filename="Source/Model/OBJ/OBJElement.cpp" />
		<Unit filename="Source/Model/OBJ/OBJElement.h" />
		<Unit filename="Source/Model/OBJ/OBJLineCommand.h" />
		<Unit filename="Source/Model/PLY/PLY.cpp" />
		<Unit filename="Source/Model/PLY/PLY.h" />
		<Unit filename="Source/Model/STL/STL.cpp" />
		<Unit filename="Source/Model/STL/STL.h" />
		<Unit filename="Source/Model/VRML/VRML.cpp" />
		<Unit filename="Source/Model/VRML/VRML.h" />
		<Unit filename="Source/Model/Vertex.cpp" />
		<Unit filename="Source/Model/Vertex.h" />
		<Unit filename="Source/Network/Client.cpp" />
		<Unit filename="Source/Network/Client.h" />
		<Unit filename="Source/Network/IClientListener.hpp" />
		<Unit filename="Source/Network/IOSocket.cpp" />
		<Unit filename="Source/Network/IOSocket.h" />
		<Unit filename="Source/Network/IOSocketMessage.cpp" />
		<Unit filename="Source/Network/IOSocketMessage.h" />
		<Unit filename="Source/Network/IPAdressFamily.cpp" />
		<Unit filename="Source/Network/IPAdressFamily.h" />
		<Unit filename="Source/Network/IPAdressInfo.cpp" />
		<Unit filename="Source/Network/IPAdressInfo.h" />
		<Unit filename="Source/Network/IPVersion.cpp" />
		<Unit filename="Source/Network/IPVersion.h" />
		<Unit filename="Source/Network/IServerListener.h" />
		<Unit filename="Source/Network/ISocketListener.h" />
		<Unit filename="Source/Network/Protocol/SBP/SBPClient.cpp" />
		<Unit filename="Source/Network/Protocol/SBP/SBPClient.h" />
		<Unit filename="Source/Network/Protocol/SBP/SBPData.cpp" />
		<Unit filename="Source/Network/Protocol/SBP/SBPData.h" />
		<Unit filename="Source/Network/Protocol/SBP/SBPQueue.cpp" />
		<Unit filename="Source/Network/Protocol/SBP/SBPQueue.h" />
		<Unit filename="Source/Network/Protocol/SBP/SBPServer.cpp" />
		<Unit filename="Source/Network/Protocol/SBP/SBPServer.h" />
		<Unit filename="Source/Network/Protocol/SBP/SBPText.cpp" />
		<Unit filename="Source/Network/Protocol/SBP/SBPText.h" />
		<Unit filename="Source/Network/ProtocolMode.cpp" />
		<Unit filename="Source/Network/ProtocolMode.h" />
		<Unit filename="Source/Network/Server.cpp" />
		<Unit filename="Source/Network/Server.h" />
		<Unit filename="Source/Network/ServerListeningThreadInfo.cpp" />
		<Unit filename="Source/Network/ServerListeningThreadInfo.h" />
		<Unit filename="Source/Network/SocketActionResult.cpp" />
		<Unit filename="Source/Network/SocketActionResult.h" />
		<Unit filename="Source/Network/SocketType.cpp" />
		<Unit filename="Source/Network/SocketType.h" />
		<Unit filename="Source/OS/OSDefine.h" />
		<Unit filename="Source/OS/Windows/Registry.cpp" />
		<Unit filename="Source/OS/Windows/Registry.h" />
		<Unit filename="Source/Resource.cpp" />
		<Unit filename="Source/Resource.h" />
		<Unit filename="Source/Service/HTTP/HTTPError.cpp" />
		<Unit filename="Source/Service/HTTP/HTTPError.h" />
		<Unit filename="Source/Service/HTTP/HTTPRequestMethod.cpp" />
		<Unit filename="Source/Service/HTTP/HTTPRequestMethod.h" />
		<Unit filename="Source/Service/HTTP/HTTPServer.cpp" />
		<Unit filename="Source/Service/HTTP/HTTPServer.h" />
		<Unit filename="Source/Shader/GLSL/ShaderType.cpp" />
		<Unit filename="Source/Shader/GLSL/ShaderType.h" />
		<Unit filename="Source/Shader/Shader.cpp" />
		<Unit filename="Source/Shader/Shader.h" />
		<Unit filename="Source/Shader/ShaderProgram.cpp" />
		<Unit filename="Source/Shader/ShaderProgram.h" />
		<Unit filename="Source/Text/Text.cpp" />
		<Unit filename="Source/Text/Text.h" />
		<Unit filename="Source/Time/StopWatch.cpp" />
		<Unit filename="Source/Time/StopWatch.h" />
		<Unit filename="Source/Types/UUID.cpp" />
		<Unit filename="Source/Types/UUID.h" />
		<Unit filename="Source/Window/CursorIcon.cpp" />
		<Unit filename="Source/Window/CursorIcon.h" />
		<Unit filename="Source/Window/CursorMode.h" />
		<Unit filename="Source/Window/Window.cpp" />
		<Unit filename="Source/Window/Window.h" />
		<Extensions />
	</Project>
</CodeBlocks_project_file>
