<?xml version="1.0" encoding="UTF-8" standalone="yes" ?>
<CodeBlocks_project_file>
	<FileVersion major="1" minor="6" />
	<Project>
		<Option title="SystemResource" />
		<Option platforms="Unix;" />
		<Option pch_mode="2" />
		<Option compiler="gcc" />
		<Build>
			<Target title="Debug">
				<Option output="../__Export__/X64B-Debug - Linux/SystemResource_DEBUG.lib" prefix_auto="0" extension_auto="0" />
				<Option working_dir="" />
				<Option object_output="../__Temp__/X64B-Debug - Linux/SystemResource/" />
				<Option type="2" />
				<Option compiler="gcc" />
				<Compiler>
					<Add option="-g" />
					<Add directory="Source" />
					<Add directory="../__Dependencies__/include" />
					<Add directory="../PXUltima/Source" />
				</Compiler>
				<Linker>
					<Add option="-static" />
				</Linker>
			</Target>
			<Target title="Release">
				<Option output="../__Export__/X64B-Release - Linux/SystemResource_RELEASE.lib" prefix_auto="0" extension_auto="0" />
				<Option working_dir="" />
				<Option object_output="../__Temp__/X64B-Release - Linux/SystemResource/" />
				<Option type="2" />
				<Option compiler="gcc" />
				<Compiler>
					<Add option="-O2" />
					<Add directory="Source" />
					<Add directory="../__Dependencies__/include" />
					<Add directory="../PXUltima/Source" />
				</Compiler>
				<Linker>
					<Add option="-s" />
				</Linker>
			</Target>
		</Build>
		<Compiler>
			<Add option="-Wall" />
		</Compiler>
		<Unit filename="Source/Async/AsyncLock.cpp" />
		<Unit filename="Source/Async/AsyncLock.h" />
		<Unit filename="Source/Camera/Camera.cpp" />
		<Unit filename="Source/Camera/Camera.h" />
		<Unit filename="Source/Camera/CameraPerspective.hpp" />
		<Unit filename="Source/ClipBoard/ClipBoard.cpp" />
		<Unit filename="Source/ClipBoard/ClipBoard.h" />
		<Unit filename="Source/ClipBoard/ClipBoardFormat.cpp" />
		<Unit filename="Source/ClipBoard/ClipBoardFormat.h" />
		<Unit filename="Source/Container/AsciiString.cpp" />
		<Unit filename="Source/Container/AsciiString.h" />
		<Unit filename="Source/Container/BinaryTree/BinaryTree.hpp" />
		<Unit filename="Source/Container/BinaryTree/BinaryTreeData.hpp" />
		<Unit filename="Source/Container/BinaryTree/BinaryTreeDataRotationInformation.h" />
		<Unit filename="Source/Container/BinaryTree/BinaryTreeDirection.h" />
		<Unit filename="Source/Container/BinaryTree/BinaryTreeNode.hpp" />
		<Unit filename="Source/Container/BitStreamHusk.cpp" />
		<Unit filename="Source/Container/BitStreamHusk.h" />
		<Unit filename="Source/Container/Dictionary.hpp" />
		<Unit filename="Source/Container/DictionaryStatic.hpp" />
		<Unit filename="Source/Container/LinkedList.hpp" />
		<Unit filename="Source/Container/LinkedListNode.hpp" />
		<Unit filename="Source/Container/List.hpp" />
		<Unit filename="Source/Container/QuadTree/QuadTree.hpp" />
		<Unit filename="Source/Container/QuadTree/QuadTreeChunk.hpp" />
		<Unit filename="Source/Container/QuadTree/QuadTreeDirection.hpp" />
		<Unit filename="Source/Container/Queue.hpp" />
		<Unit filename="Source/Container/QueueMapping.cpp" />
		<Unit filename="Source/Container/QueueMapping.h" />
		<Unit filename="Source/Container/ResponseCache.cpp" />
		<Unit filename="Source/Container/ResponseCache.h" />
		<Unit filename="Source/Container/RingBuffer.hpp" />
		<Unit filename="Source/Container/Table.hpp" />
		<Unit filename="Source/DataBase/DataBase.cpp" />
		<Unit filename="Source/DataBase/DataBase.h" />
		<Unit filename="Source/DataBase/SQLResult.cpp" />
		<Unit filename="Source/DataBase/SQLResult.h" />
		<Unit filename="Source/DataBase/SQLType.cpp" />
		<Unit filename="Source/DataBase/SQLType.h" />
		<Unit filename="Source/Encryption/Caesar.cpp" />
		<Unit filename="Source/Encryption/Caesar.h" />
		<Unit filename="Source/Encryption/MD5/MD5.cpp" />
		<Unit filename="Source/Encryption/MD5/MD5.h" />
		<Unit filename="Source/Encryption/RSA/Euklid.cpp" />
		<Unit filename="Source/Encryption/RSA/Euklid.h" />
		<Unit filename="Source/Encryption/RSA/Euklid_element.h" />
		<Unit filename="Source/Encryption/RSA/Koerper.cpp" />
		<Unit filename="Source/Encryption/RSA/Koerper.h" />
		<Unit filename="Source/Encryption/RSA/RSA.cpp" />
		<Unit filename="Source/Encryption/RSA/RSA.h" />
		<Unit filename="Source/Encryption/RSA/RSAKeys.h" />
		<Unit filename="Source/Encryption/RSA/Restklassen.cpp" />
		<Unit filename="Source/Encryption/RSA/Restklassen.h" />
		<Unit filename="Source/Encryption/SHA/SHA1.cpp" />
		<Unit filename="Source/Encryption/SHA/SHA1.h" />
		<Unit filename="Source/File/ParsingStreamX.cpp" />
		<Unit filename="Source/File/ParsingStreamX.h" />
		<Unit filename="Source/GameCleaved/main.cpp" />
		<Unit filename="Source/Graphic/OpenGL/ImageFilter.h" />
		<Unit filename="Source/Graphic/OpenGL/ImageLayout.h" />
		<Unit filename="Source/Graphic/OpenGL/ImageType.cpp" />
		<Unit filename="Source/Graphic/OpenGL/ImageType.h" />
		<Unit filename="Source/Graphic/OpenGL/ImageWrap.h" />
		<Unit filename="Source/Graphic/OpenGL/OpenGL.cpp" />
		<Unit filename="Source/Graphic/OpenGL/OpenGL.h" />
		<Unit filename="Source/Graphic/OpenGL/RenderMode.h" />
		<Unit filename="Source/Graphic/OpenGL/Renderable.cpp" />
		<Unit filename="Source/Graphic/OpenGL/Renderable.h" />
		<Unit filename="Source/Graphic/OpenGL/RenderableChunk.cpp" />
		<Unit filename="Source/Graphic/OpenGL/RenderableChunk.h" />
		<Unit filename="Source/Graphic/OpenGL/RenderableSegment.cpp" />
		<Unit filename="Source/Graphic/OpenGL/RenderableSegment.h" />
		<Unit filename="Source/Graphic/OpenGL/Resource.cpp" />
		<Unit filename="Source/Graphic/OpenGL/Resource.h" />
		<Unit filename="Source/Graphic/OpenGL/ResourceAsyncLoadInfo.cpp" />
		<Unit filename="Source/Graphic/OpenGL/ResourceAsyncLoadInfo.h" />
		<Unit filename="Source/Graphic/OpenGL/ResourceInfo.cpp" />
		<Unit filename="Source/Graphic/OpenGL/ResourceInfo.h" />
		<Unit filename="Source/Graphic/OpenGL/ResourceLoadMode.h" />
		<Unit filename="Source/Graphic/OpenGL/ResourceType.hpp" />
		<Unit filename="Source/Graphic/OpenGL/SkyBox.cpp" />
		<Unit filename="Source/Graphic/OpenGL/SkyBox.h" />
		<Unit filename="Source/Graphic/OpenGL/Sprite.cpp" />
		<Unit filename="Source/Graphic/OpenGL/Sprite.h" />
		<Unit filename="Source/Graphic/OpenGL/Texture.cpp" />
		<Unit filename="Source/Graphic/OpenGL/Texture.h" />
		<Unit filename="Source/Graphic/OpenGL/TextureCube.cpp" />
		<Unit filename="Source/Graphic/OpenGL/TextureCube.h" />
		<Unit filename="Source/Hardware/MainBoard/MainBoard.cpp" />
		<Unit filename="Source/Hardware/MainBoard/MainBoard.h" />
		<Unit filename="Source/Hardware/Processor/Processor.cpp" />
		<Unit filename="Source/Hardware/Processor/Processor.h" />
		<Unit filename="Source/IFileFormat.hpp" />
		<Unit filename="Source/Math/Complex.h" />
		<Unit filename="Source/Math/Diagrams/BoxPlot.hpp" />
		<Unit filename="Source/Math/Geometry/AngleDegree.hpp" />
		<Unit filename="Source/Math/Geometry/AngleRadians.hpp" />
		<Unit filename="Source/Math/Geometry/Form/Cone.cpp" />
		<Unit filename="Source/Math/Geometry/Form/Cone.h" />
		<Unit filename="Source/Math/Geometry/Form/Cube.cpp" />
		<Unit filename="Source/Math/Geometry/Form/Cube.h" />
		<Unit filename="Source/Math/Geometry/Form/Cuboid.cpp" />
		<Unit filename="Source/Math/Geometry/Form/Cuboid.h" />
		<Unit filename="Source/Math/Geometry/Form/Cylinder.cpp" />
		<Unit filename="Source/Math/Geometry/Form/Cylinder.h" />
		<Unit filename="Source/Math/Geometry/Form/Form.cpp" />
		<Unit filename="Source/Math/Geometry/Form/Form.h" />
		<Unit filename="Source/Math/Geometry/Form/Icosahedron.cpp" />
		<Unit filename="Source/Math/Geometry/Form/Icosahedron.h" />
		<Unit filename="Source/Math/Geometry/Form/Sphere.cpp" />
		<Unit filename="Source/Math/Geometry/Form/Sphere.h" />
		<Unit filename="Source/Math/Geometry/Form/SquarePyramid.cpp" />
		<Unit filename="Source/Math/Geometry/Form/SquarePyramid.h" />
		<Unit filename="Source/Math/Geometry/Matrix.hpp" />
		<Unit filename="Source/Math/Geometry/Matrix2x2.hpp" />
		<Unit filename="Source/Math/Geometry/Matrix3x3.hpp" />
		<Unit filename="Source/Math/Geometry/Matrix4x4.hpp" />
		<Unit filename="Source/Math/Geometry/Padding.hpp" />
		<Unit filename="Source/Math/Geometry/Rectangle.hpp" />
		<Unit filename="Source/Math/Geometry/Shape/Circle.cpp" />
		<Unit filename="Source/Math/Geometry/Shape/Circle.h" />
		<Unit filename="Source/Math/Geometry/Shape/Hexagon.cpp" />
		<Unit filename="Source/Math/Geometry/Shape/Hexagon.h" />
		<Unit filename="Source/Math/Geometry/Shape/Pentagon.cpp" />
		<Unit filename="Source/Math/Geometry/Shape/Pentagon.h" />
		<Unit filename="Source/Math/Geometry/Shape/Shape.cpp" />
		<Unit filename="Source/Math/Geometry/Shape/Shape.h" />
		<Unit filename="Source/Math/Geometry/Shape/Square.cpp" />
		<Unit filename="Source/Math/Geometry/Shape/Square.h" />
		<Unit filename="Source/Math/Geometry/Shape/Star.cpp" />
		<Unit filename="Source/Math/Geometry/Shape/Star.h" />
		<Unit filename="Source/Math/Geometry/Shape/Triangle.cpp" />
		<Unit filename="Source/Math/Geometry/Shape/Triangle.h" />
		<Unit filename="Source/Math/Geometry/Vector2.hpp" />
		<Unit filename="Source/Math/Geometry/Vector3.hpp" />
		<Unit filename="Source/Math/Geometry/Vector4.hpp" />
		<Unit filename="Source/Math/Interpolate.cpp" />
		<Unit filename="Source/Math/Interpolate.h" />
		<Unit filename="Source/Math/Physic/PhysicsDynamic.hpp" />
		<Unit filename="Source/Math/Physic/PhysicsStatic.hpp" />
		<Unit filename="Source/Math/Primes.cpp" />
		<Unit filename="Source/Math/Primes.h" />
		<Unit filename="Source/Media/Font/FontX.cpp" />
		<Unit filename="Source/Media/Font/FontX.h" />
		<Unit filename="Source/Media/Image/BMP/BMPP.cpp" />
		<Unit filename="Source/Media/Image/BMP/BMPP.h" />
		<Unit filename="Source/Media/Image/ImageX.cpp" />
		<Unit filename="Source/Media/Image/ImageX.h" />
		<Unit filename="Source/Media/Image/PNGX.cpp" />
		<Unit filename="Source/Media/Image/PNGX.h" />
		<Unit filename="Source/Media/Sound/AudioClip.cpp" />
		<Unit filename="Source/Media/Sound/AudioClip.h" />
		<Unit filename="Source/Media/Sound/AudioConfig.cpp" />
		<Unit filename="Source/Media/Sound/AudioConfig.h" />
		<Unit filename="Source/Media/Sound/AudioSource.cpp" />
		<Unit filename="Source/Media/Sound/AudioSource.h" />
		<Unit filename="Source/Media/Sound/ISoundFormat.hpp" />
		<Unit filename="Source/Media/Sound/Sound.cpp" />
		<Unit filename="Source/Media/Sound/Sound.h" />
		<Unit filename="Source/Media/Sound/SoundFormat.h" />
		<Unit filename="Source/Media/Sound/SoundPlayStyle.hpp" />
		<Unit filename="Source/Memory/MemoryX.cpp" />
		<Unit filename="Source/Memory/MemoryX.h" />
		<Unit filename="Source/Model/IModelFormat.hpp" />
		<Unit filename="Source/Model/LinkedMesh.cpp" />
		<Unit filename="Source/Model/LinkedMesh.h" />
		<Unit filename="Source/Model/Material.cpp" />
		<Unit filename="Source/Model/Material.h" />
		<Unit filename="Source/Model/Mesh.cpp" />
		<Unit filename="Source/Model/Mesh.h" />
		<Unit filename="Source/Model/MeshIndexData.cpp" />
		<Unit filename="Source/Model/MeshIndexData.h" />
		<Unit filename="Source/Model/MeshSegment.cpp" />
		<Unit filename="Source/Model/MeshSegment.h" />
		<Unit filename="Source/Model/Model.cpp" />
		<Unit filename="Source/Model/Model.h" />
		<Unit filename="Source/Model/ModelType.h" />
		<Unit filename="Source/Model/OBJ/OBJX.cpp" />
		<Unit filename="Source/Model/OBJ/OBJX.h" />
		<Unit filename="Source/Model/Vertex.cpp" />
		<Unit filename="Source/Model/Vertex.h" />
		<Unit filename="Source/OS/Sound/AudioDeviceCapabilities.cpp" />
		<Unit filename="Source/OS/Sound/AudioDeviceCapabilities.h" />
		<Unit filename="Source/OS/Sound/AudioDeviceInput.cpp" />
		<Unit filename="Source/OS/Sound/AudioDeviceInput.h" />
		<Unit filename="Source/OS/Sound/AudioDeviceOutput.cpp" />
		<Unit filename="Source/OS/Sound/AudioDeviceOutput.h" />
		<Unit filename="Source/OS/Sound/AudioResult.cpp" />
		<Unit filename="Source/OS/Sound/AudioResult.h" />
		<Unit filename="Source/OS/Sound/AudioSystem.cpp" />
		<Unit filename="Source/OS/Sound/AudioSystem.h" />
		<Unit filename="Source/OS/Windows/Registry.cpp" />
		<Unit filename="Source/OS/Windows/Registry.h" />
		<Unit filename="Source/Resource.cpp" />
		<Unit filename="Source/Resource.h" />
		<Unit filename="Source/Time/StopWatch.cpp" />
		<Unit filename="Source/Time/StopWatch.h" />
		<Unit filename="Source/Window/CursorIcon.cpp" />
		<Unit filename="Source/Window/CursorIcon.h" />
		<Unit filename="Source/Window/Window.cpp" />
		<Unit filename="Source/Window/Window.h" />
		<Extensions />
	</Project>
</CodeBlocks_project_file>
