<?xml version="1.0" encoding="utf-8"?>
<Project ToolsVersion="4.0" xmlns="http://schemas.microsoft.com/developer/msbuild/2003">
  <ItemGroup>
    <Filter Include="Quelldateien">
      <UniqueIdentifier>{4FC737F1-C7A5-4376-A066-2A32D752A2FF}</UniqueIdentifier>
      <Extensions>cpp;c;cc;cxx;c++;cppm;ixx;def;odl;idl;hpj;bat;asm;asmx</Extensions>
    </Filter>
    <Filter Include="Headerdateien">
      <UniqueIdentifier>{93995380-89BD-4b04-88EB-625FBE52EBFB}</UniqueIdentifier>
      <Extensions>h;hh;hpp;hxx;h++;hm;inl;inc;ipp;xsd</Extensions>
    </Filter>
    <Filter Include="Ressourcendateien">
      <UniqueIdentifier>{67DA6AB6-F800-4c08-8B7A-83BB121AAD01}</UniqueIdentifier>
      <Extensions>rc;ico;cur;bmp;dlg;rc2;rct;bin;rgs;gif;jpg;jpeg;jpe;resx;tiff;tif;png;wav;mfcribbon-ms</Extensions>
    </Filter>
  </ItemGroup>
  <ItemGroup>
    <ClCompile Include="BitFire\Color\RGB.cpp">
      <Filter>Quelldateien</Filter>
    </ClCompile>
    <ClCompile Include="BitFire\Color\RGBA.cpp">
      <Filter>Quelldateien</Filter>
    </ClCompile>
    <ClCompile Include="BitFire\Color\RGBEightBit.cpp">
      <Filter>Quelldateien</Filter>
    </ClCompile>
    <ClCompile Include="BitFire\Configuration\AudioConfig.cpp">
      <Filter>Quelldateien</Filter>
    </ClCompile>
    <ClCompile Include="BitFire\Configuration\ConfigContainer.cpp">
      <Filter>Quelldateien</Filter>
    </ClCompile>
    <ClCompile Include="BitFire\Configuration\VideoConfig.cpp">
      <Filter>Quelldateien</Filter>
    </ClCompile>
    <ClCompile Include="BitFire\Graphics\Camera\Camera.cpp">
      <Filter>Quelldateien</Filter>
    </ClCompile>
    <ClCompile Include="BitFire\Graphics\Camera\CameraSettings.cpp">
      <Filter>Quelldateien</Filter>
    </ClCompile>
    <ClCompile Include="BitFire\Graphics\Camera\FirstPersonCamera.cpp">
      <Filter>Quelldateien</Filter>
    </ClCompile>
    <ClCompile Include="BitFire\Graphics\Model\CubeModel.cpp">
      <Filter>Quelldateien</Filter>
    </ClCompile>
    <ClCompile Include="BitFire\Graphics\Model\RectangleModel.cpp">
      <Filter>Quelldateien</Filter>
    </ClCompile>
    <ClCompile Include="BitFire\Graphics\Model\SquarePyramidModel.cpp">
      <Filter>Quelldateien</Filter>
    </ClCompile>
    <ClCompile Include="BitFire\Graphics\Model\TriangleModel.cpp">
      <Filter>Quelldateien</Filter>
    </ClCompile>
    <ClCompile Include="BitFire\Graphics\Mesh.cpp">
      <Filter>Quelldateien</Filter>
    </ClCompile>
    <ClCompile Include="BitFire\Graphics\RenderModel.cpp">
      <Filter>Quelldateien</Filter>
    </ClCompile>
    <ClCompile Include="BitFire\Graphics\Vertex.cpp">
      <Filter>Quelldateien</Filter>
    </ClCompile>
    <ClCompile Include="BitFire\IO\Device\KeyBoard\Alphabet.cpp">
      <Filter>Quelldateien</Filter>
    </ClCompile>
    <ClCompile Include="BitFire\IO\Device\KeyBoard\FunctionKeys.cpp">
      <Filter>Quelldateien</Filter>
    </ClCompile>
    <ClCompile Include="BitFire\IO\Device\KeyBoard\KeyBoard.cpp">
      <Filter>Quelldateien</Filter>
    </ClCompile>
    <ClCompile Include="BitFire\IO\Device\KeyBoard\Numbers.cpp">
      <Filter>Quelldateien</Filter>
    </ClCompile>
    <ClCompile Include="BitFire\IO\Device\Mouse\Mouse.cpp">
      <Filter>Quelldateien</Filter>
    </ClCompile>
    <ClCompile Include="BitFire\IO\File\FileLoader.cpp">
      <Filter>Quelldateien</Filter>
    </ClCompile>
    <ClCompile Include="BitFire\IO\File\TextFile.cpp">
      <Filter>Quelldateien</Filter>
    </ClCompile>
    <ClCompile Include="BitFire\IO\Message\Message.cpp">
      <Filter>Quelldateien</Filter>
    </ClCompile>
    <ClCompile Include="BitFire\IO\Message\MessagerSystem.cpp">
      <Filter>Quelldateien</Filter>
    </ClCompile>
    <ClCompile Include="BitFire\IO\InputContainer.cpp">
      <Filter>Quelldateien</Filter>
    </ClCompile>
    <ClCompile Include="BitFire\IO\TrippelIndex.cpp">
      <Filter>Quelldateien</Filter>
    </ClCompile>
    <ClCompile Include="BitFire\Mathematic\Algorithm\CRCAlgorithm.cpp">
      <Filter>Quelldateien</Filter>
    </ClCompile>
    <ClCompile Include="BitFire\Mathematic\Converter\Converter.cpp">
      <Filter>Quelldateien</Filter>
    </ClCompile>
    <ClCompile Include="BitFire\Mathematic\Geometry\Form\Cone.cpp">
      <Filter>Quelldateien</Filter>
    </ClCompile>
    <ClCompile Include="BitFire\Mathematic\Geometry\Form\Cube.cpp">
      <Filter>Quelldateien</Filter>
    </ClCompile>
    <ClCompile Include="BitFire\Mathematic\Geometry\Form\Cuboid.cpp">
      <Filter>Quelldateien</Filter>
    </ClCompile>
    <ClCompile Include="BitFire\Mathematic\Geometry\Form\Cylinder.cpp">
      <Filter>Quelldateien</Filter>
    </ClCompile>
    <ClCompile Include="BitFire\Mathematic\Geometry\Form\Icosahedron.cpp">
      <Filter>Quelldateien</Filter>
    </ClCompile>
    <ClCompile Include="BitFire\Mathematic\Geometry\Form\Sphere.cpp">
      <Filter>Quelldateien</Filter>
    </ClCompile>
    <ClCompile Include="BitFire\Mathematic\Geometry\Form\SquarePyramid.cpp">
      <Filter>Quelldateien</Filter>
    </ClCompile>
    <ClCompile Include="BitFire\Mathematic\Geometry\Shape\Circle.cpp">
      <Filter>Quelldateien</Filter>
    </ClCompile>
    <ClCompile Include="BitFire\Mathematic\Geometry\Shape\Hexagon.cpp">
      <Filter>Quelldateien</Filter>
    </ClCompile>
    <ClCompile Include="BitFire\Mathematic\Geometry\Shape\Pentagon.cpp">
      <Filter>Quelldateien</Filter>
    </ClCompile>
    <ClCompile Include="BitFire\Mathematic\Geometry\Shape\Rectangle.cpp">
      <Filter>Quelldateien</Filter>
    </ClCompile>
    <ClCompile Include="BitFire\Mathematic\Geometry\Shape\Shape.cpp">
      <Filter>Quelldateien</Filter>
    </ClCompile>
    <ClCompile Include="BitFire\Mathematic\Geometry\Shape\Square.cpp">
      <Filter>Quelldateien</Filter>
    </ClCompile>
    <ClCompile Include="BitFire\Mathematic\Geometry\Shape\Star.cpp">
      <Filter>Quelldateien</Filter>
    </ClCompile>
    <ClCompile Include="BitFire\Mathematic\Geometry\Shape\Triangle.cpp">
      <Filter>Quelldateien</Filter>
    </ClCompile>
    <ClCompile Include="BitFire\Mathematic\Geometry\IndexPoint.cpp">
      <Filter>Quelldateien</Filter>
    </ClCompile>
    <ClCompile Include="BitFire\Mathematic\Geometry\IndexPosition.cpp">
      <Filter>Quelldateien</Filter>
    </ClCompile>
    <ClCompile Include="BitFire\Mathematic\Geometry\Point.cpp">
      <Filter>Quelldateien</Filter>
    </ClCompile>
    <ClCompile Include="BitFire\Mathematic\Geometry\Position.cpp">
      <Filter>Quelldateien</Filter>
    </ClCompile>
    <ClCompile Include="BitFire\Mathematic\Geometry\Rotation.cpp">
      <Filter>Quelldateien</Filter>
    </ClCompile>
    <ClCompile Include="BitFire\Mathematic\Geometry\Size.cpp">
      <Filter>Quelldateien</Filter>
    </ClCompile>
    <ClCompile Include="BitFire\Mathematic\Interpolate.cpp">
      <Filter>Quelldateien</Filter>
    </ClCompile>
    <ClCompile Include="BitFire\OpenGL\Buffer\VertexBuffer.cpp">
      <Filter>Quelldateien</Filter>
    </ClCompile>
    <ClCompile Include="BitFire\OpenGL\Render\DataSize.cpp">
      <Filter>Quelldateien</Filter>
    </ClCompile>
    <ClCompile Include="BitFire\OpenGL\Render\IndexDataCache.cpp">
      <Filter>Quelldateien</Filter>
    </ClCompile>
    <ClCompile Include="BitFire\OpenGL\Render\RenderDataCache.cpp">
      <Filter>Quelldateien</Filter>
    </ClCompile>
    <ClCompile Include="BitFire\OpenGL\Render\RenderSystem.cpp">
      <Filter>Quelldateien</Filter>
    </ClCompile>
    <ClCompile Include="BitFire\OpenGL\Render\VertexDataCache.cpp">
      <Filter>Quelldateien</Filter>
    </ClCompile>
    <ClCompile Include="BitFire\OpenGL\Shader\System\ShaderFile.cpp">
      <Filter>Quelldateien</Filter>
    </ClCompile>
    <ClCompile Include="BitFire\OpenGL\Shader\System\ShaderLoader.cpp">
      <Filter>Quelldateien</Filter>
    </ClCompile>
    <ClCompile Include="BitFire\OpenGL\Window\Window.cpp">
      <Filter>Quelldateien</Filter>
    </ClCompile>
    <ClCompile Include="BitFire\OpenGL\OpenGLAPI.cpp">
      <Filter>Quelldateien</Filter>
    </ClCompile>
    <ClCompile Include="BitFire\Player\Player.cpp">
      <Filter>Quelldateien</Filter>
    </ClCompile>
    <ClCompile Include="BitFire\Resources\Font\BitMapFont\BitMapFont.cpp">
      <Filter>Quelldateien</Filter>
    </ClCompile>
    <ClCompile Include="BitFire\Resources\Font\BitMapFont\BitMapFontCharacter.cpp">
      <Filter>Quelldateien</Filter>
    </ClCompile>
    <ClCompile Include="BitFire\Resources\Font\BitMapFont\BitMapFontCommonData.cpp">
      <Filter>Quelldateien</Filter>
    </ClCompile>
    <ClCompile Include="BitFire\Resources\Font\BitMapFont\BitMapFontInfo.cpp">
      <Filter>Quelldateien</Filter>
    </ClCompile>
    <ClCompile Include="BitFire\Resources\Font\BitMapFont\BitMapFontLoader.cpp">
      <Filter>Quelldateien</Filter>
    </ClCompile>
    <ClCompile Include="BitFire\Resources\Font\BitMapFont\BitMapFontPage.cpp">
      <Filter>Quelldateien</Filter>
    </ClCompile>
    <ClCompile Include="BitFire\Resources\Image\BitMap\Chunk\Header\BitMapInfoHeader.cpp">
      <Filter>Quelldateien</Filter>
    </ClCompile>
    <ClCompile Include="BitFire\Resources\Image\BitMap\Chunk\BitMapFileHeader.cpp">
      <Filter>Quelldateien</Filter>
    </ClCompile>
    <ClCompile Include="BitFire\Resources\Image\BitMap\Chunk\BitMapInformationHeader.cpp">
      <Filter>Quelldateien</Filter>
    </ClCompile>
    <ClCompile Include="BitFire\Resources\Image\BitMap\BitMap.cpp">
      <Filter>Quelldateien</Filter>
    </ClCompile>
    <ClCompile Include="BitFire\Resources\Image\BitMap\BitMapLoader.cpp">
      <Filter>Quelldateien</Filter>
    </ClCompile>
    <ClCompile Include="BitFire\Resources\Image\PixelArray\PixelArray.cpp">
      <Filter>Quelldateien</Filter>
    </ClCompile>
    <ClCompile Include="BitFire\Resources\Image\PixelArray\PixelArrayLoader.cpp">
      <Filter>Quelldateien</Filter>
    </ClCompile>
    <ClCompile Include="BitFire\Resources\Image\PortableNetworkGraphic\Chunk\Type\PortableNetworkGraphicChunkImageHeader.cpp">
      <Filter>Quelldateien</Filter>
    </ClCompile>
    <ClCompile Include="BitFire\Resources\Image\PortableNetworkGraphic\Chunk\Type\PortableNetworkGraphicChunkPalette.cpp">
      <Filter>Quelldateien</Filter>
    </ClCompile>
    <ClCompile Include="BitFire\Resources\Image\PortableNetworkGraphic\Chunk\Type\PortableNetworkGraphicFileHeader.cpp">
      <Filter>Quelldateien</Filter>
    </ClCompile>
    <ClCompile Include="BitFire\Resources\Image\PortableNetworkGraphic\Chunk\Type\PortableNetworkGraphicImageData.cpp">
      <Filter>Quelldateien</Filter>
    </ClCompile>
    <ClCompile Include="BitFire\Resources\Image\PortableNetworkGraphic\Chunk\PortableNetworkGraphicChunk.cpp">
      <Filter>Quelldateien</Filter>
    </ClCompile>
    <ClCompile Include="BitFire\Resources\Image\PortableNetworkGraphic\PortableNetworkGraphic.cpp">
      <Filter>Quelldateien</Filter>
    </ClCompile>
    <ClCompile Include="BitFire\Resources\Image\PortableNetworkGraphic\PortableNetworkGraphicLoader.cpp">
      <Filter>Quelldateien</Filter>
    </ClCompile>
    <ClCompile Include="BitFire\Resources\Model\WaveFront\WaveFront.cpp">
      <Filter>Quelldateien</Filter>
    </ClCompile>
    <ClCompile Include="BitFire\Resources\Model\WaveFront\WaveFrontLoader.cpp">
      <Filter>Quelldateien</Filter>
    </ClCompile>
    <ClCompile Include="BitFire\Time\TimeCollection.cpp">
      <Filter>Quelldateien</Filter>
    </ClCompile>
    <ClCompile Include="BitFire\UI\Padding.cpp">
      <Filter>Quelldateien</Filter>
    </ClCompile>
    <ClCompile Include="BitFire\Utility\StringSplitter.cpp">
      <Filter>Quelldateien</Filter>
    </ClCompile>
    <ClCompile Include="BitFire\Main.cpp">
      <Filter>Quelldateien</Filter>
    </ClCompile>
  </ItemGroup>
  <ItemGroup>
    <ClInclude Include="BitFire\Color\RGB.h">
      <Filter>Headerdateien</Filter>
    </ClInclude>
    <ClInclude Include="BitFire\Color\RGBA.h">
      <Filter>Headerdateien</Filter>
    </ClInclude>
    <ClInclude Include="BitFire\Color\RGBEightBit.h">
      <Filter>Headerdateien</Filter>
    </ClInclude>
    <ClInclude Include="BitFire\Configuration\AudioConfig.h">
      <Filter>Headerdateien</Filter>
    </ClInclude>
    <ClInclude Include="BitFire\Configuration\ConfigContainer.h">
      <Filter>Headerdateien</Filter>
    </ClInclude>
    <ClInclude Include="BitFire\Configuration\RefreshRateMode.h">
      <Filter>Headerdateien</Filter>
    </ClInclude>
    <ClInclude Include="BitFire\Configuration\VideoConfig.h">
      <Filter>Headerdateien</Filter>
    </ClInclude>
    <ClInclude Include="BitFire\Graphics\Camera\Camera.h">
      <Filter>Headerdateien</Filter>
    </ClInclude>
    <ClInclude Include="BitFire\Graphics\Camera\CameraMode.h">
      <Filter>Headerdateien</Filter>
    </ClInclude>
    <ClInclude Include="BitFire\Graphics\Camera\CameraSettings.h">
      <Filter>Headerdateien</Filter>
    </ClInclude>
    <ClInclude Include="BitFire\Graphics\Camera\FirstPersonCamera.h">
      <Filter>Headerdateien</Filter>
    </ClInclude>
    <ClInclude Include="BitFire\Graphics\Model\CubeModel.h">
      <Filter>Headerdateien</Filter>
    </ClInclude>
    <ClInclude Include="BitFire\Graphics\Model\RectangleModel.h">
      <Filter>Headerdateien</Filter>
    </ClInclude>
    <ClInclude Include="BitFire\Graphics\Model\SquarePyramidModel.h">
      <Filter>Headerdateien</Filter>
    </ClInclude>
    <ClInclude Include="BitFire\Graphics\Model\TriangleModel.h">
      <Filter>Headerdateien</Filter>
    </ClInclude>
    <ClInclude Include="BitFire\Graphics\Mesh.h">
      <Filter>Headerdateien</Filter>
    </ClInclude>
    <ClInclude Include="BitFire\Graphics\RenderModel.h">
      <Filter>Headerdateien</Filter>
    </ClInclude>
    <ClInclude Include="BitFire\Graphics\Vertex.h">
      <Filter>Headerdateien</Filter>
    </ClInclude>
    <ClInclude Include="BitFire\IO\Device\KeyBoard\Alphabet.h">
      <Filter>Headerdateien</Filter>
    </ClInclude>
    <ClInclude Include="BitFire\IO\Device\KeyBoard\FunctionKeys.h">
      <Filter>Headerdateien</Filter>
    </ClInclude>
    <ClInclude Include="BitFire\IO\Device\KeyBoard\KeyBoard.h">
      <Filter>Headerdateien</Filter>
    </ClInclude>
    <ClInclude Include="BitFire\IO\Device\KeyBoard\Numbers.h">
      <Filter>Headerdateien</Filter>
    </ClInclude>
    <ClInclude Include="BitFire\IO\Device\Mouse\CursorMode.h">
      <Filter>Headerdateien</Filter>
    </ClInclude>
    <ClInclude Include="BitFire\IO\Device\Mouse\Mouse.h">
      <Filter>Headerdateien</Filter>
    </ClInclude>
    <ClInclude Include="BitFire\IO\File\FileLoader.h">
      <Filter>Headerdateien</Filter>
    </ClInclude>
    <ClInclude Include="BitFire\IO\File\TextFile.h">
      <Filter>Headerdateien</Filter>
    </ClInclude>
    <ClInclude Include="BitFire\IO\Message\Message.h">
      <Filter>Headerdateien</Filter>
    </ClInclude>
    <ClInclude Include="BitFire\IO\Message\MessagePriorityType.h">
      <Filter>Headerdateien</Filter>
    </ClInclude>
    <ClInclude Include="BitFire\IO\Message\MessagerSystem.h">
      <Filter>Headerdateien</Filter>
    </ClInclude>
    <ClInclude Include="BitFire\IO\EndianType.h">
      <Filter>Headerdateien</Filter>
    </ClInclude>
    <ClInclude Include="BitFire\IO\InputContainer.h">
      <Filter>Headerdateien</Filter>
    </ClInclude>
    <ClInclude Include="BitFire\IO\TrippelIndex.h">
      <Filter>Headerdateien</Filter>
    </ClInclude>
    <ClInclude Include="BitFire\Mathematic\Algorithm\CRCAlgorithm.h">
      <Filter>Headerdateien</Filter>
    </ClInclude>
    <ClInclude Include="BitFire\Mathematic\Converter\Converter.h">
      <Filter>Headerdateien</Filter>
    </ClInclude>
    <ClInclude Include="BitFire\Mathematic\Geometry\Form\Cone.h">
      <Filter>Headerdateien</Filter>
    </ClInclude>
    <ClInclude Include="BitFire\Mathematic\Geometry\Form\Cube.h">
      <Filter>Headerdateien</Filter>
    </ClInclude>
    <ClInclude Include="BitFire\Mathematic\Geometry\Form\Cuboid.h">
      <Filter>Headerdateien</Filter>
    </ClInclude>
    <ClInclude Include="BitFire\Mathematic\Geometry\Form\Cylinder.h">
      <Filter>Headerdateien</Filter>
    </ClInclude>
    <ClInclude Include="BitFire\Mathematic\Geometry\Form\Icosahedron.h">
      <Filter>Headerdateien</Filter>
    </ClInclude>
    <ClInclude Include="BitFire\Mathematic\Geometry\Form\Sphere.h">
      <Filter>Headerdateien</Filter>
    </ClInclude>
    <ClInclude Include="BitFire\Mathematic\Geometry\Form\SquarePyramid.h">
      <Filter>Headerdateien</Filter>
    </ClInclude>
    <ClInclude Include="BitFire\Mathematic\Geometry\Shape\Circle.h">
      <Filter>Headerdateien</Filter>
    </ClInclude>
    <ClInclude Include="BitFire\Mathematic\Geometry\Shape\Hexagon.h">
      <Filter>Headerdateien</Filter>
    </ClInclude>
    <ClInclude Include="BitFire\Mathematic\Geometry\Shape\Pentagon.h">
      <Filter>Headerdateien</Filter>
    </ClInclude>
    <ClInclude Include="BitFire\Mathematic\Geometry\Shape\Rectangle.h">
      <Filter>Headerdateien</Filter>
    </ClInclude>
    <ClInclude Include="BitFire\Mathematic\Geometry\Shape\Shape.h">
      <Filter>Headerdateien</Filter>
    </ClInclude>
    <ClInclude Include="BitFire\Mathematic\Geometry\Shape\Square.h">
      <Filter>Headerdateien</Filter>
    </ClInclude>
    <ClInclude Include="BitFire\Mathematic\Geometry\Shape\Star.h">
      <Filter>Headerdateien</Filter>
    </ClInclude>
    <ClInclude Include="BitFire\Mathematic\Geometry\Shape\Triangle.h">
      <Filter>Headerdateien</Filter>
    </ClInclude>
    <ClInclude Include="BitFire\Mathematic\Geometry\Direction.h">
      <Filter>Headerdateien</Filter>
    </ClInclude>
    <ClInclude Include="BitFire\Mathematic\Geometry\IndexPoint.h">
      <Filter>Headerdateien</Filter>
    </ClInclude>
    <ClInclude Include="BitFire\Mathematic\Geometry\IndexPosition.h">
      <Filter>Headerdateien</Filter>
    </ClInclude>
    <ClInclude Include="BitFire\Mathematic\Geometry\Point.h">
      <Filter>Headerdateien</Filter>
    </ClInclude>
    <ClInclude Include="BitFire\Mathematic\Geometry\Position.h">
      <Filter>Headerdateien</Filter>
    </ClInclude>
    <ClInclude Include="BitFire\Mathematic\Geometry\Rotation.h">
      <Filter>Headerdateien</Filter>
    </ClInclude>
    <ClInclude Include="BitFire\Mathematic\Geometry\Size.h">
      <Filter>Headerdateien</Filter>
    </ClInclude>
    <ClInclude Include="BitFire\Mathematic\Interpolate.h">
      <Filter>Headerdateien</Filter>
    </ClInclude>
    <ClInclude Include="BitFire\OpenGL\Buffer\VertexBuffer.h">
      <Filter>Headerdateien</Filter>
    </ClInclude>
    <ClInclude Include="BitFire\OpenGL\Render\DataSize.h">
      <Filter>Headerdateien</Filter>
    </ClInclude>
    <ClInclude Include="BitFire\OpenGL\Render\IndexDataCache.h">
      <Filter>Headerdateien</Filter>
    </ClInclude>
    <ClInclude Include="BitFire\OpenGL\Render\RenderDataCache.h">
      <Filter>Headerdateien</Filter>
    </ClInclude>
    <ClInclude Include="BitFire\OpenGL\Render\RenderSystem.h">
      <Filter>Headerdateien</Filter>
    </ClInclude>
    <ClInclude Include="BitFire\OpenGL\Render\VertexDataCache.h">
      <Filter>Headerdateien</Filter>
    </ClInclude>
    <ClInclude Include="BitFire\OpenGL\Shader\System\ShaderFile.h">
      <Filter>Headerdateien</Filter>
    </ClInclude>
    <ClInclude Include="BitFire\OpenGL\Shader\System\ShaderLoader.h">
      <Filter>Headerdateien</Filter>
    </ClInclude>
    <ClInclude Include="BitFire\OpenGL\Window\RefreshRateMode.h">
      <Filter>Headerdateien</Filter>
    </ClInclude>
    <ClInclude Include="BitFire\OpenGL\Window\Window.h">
      <Filter>Headerdateien</Filter>
    </ClInclude>
    <ClInclude Include="BitFire\OpenGL\OpenGLAPI.h">
      <Filter>Headerdateien</Filter>
    </ClInclude>
    <ClInclude Include="BitFire\Player\Player.h">
      <Filter>Headerdateien</Filter>
    </ClInclude>
    <ClInclude Include="BitFire\Resources\Font\BitMapFont\BitMapFont.h">
      <Filter>Headerdateien</Filter>
    </ClInclude>
    <ClInclude Include="BitFire\Resources\Font\BitMapFont\BitMapFontCharacter.h">
      <Filter>Headerdateien</Filter>
    </ClInclude>
    <ClInclude Include="BitFire\Resources\Font\BitMapFont\BitMapFontCommand.h">
      <Filter>Headerdateien</Filter>
    </ClInclude>
    <ClInclude Include="BitFire\Resources\Font\BitMapFont\BitMapFontCommonData.h">
      <Filter>Headerdateien</Filter>
    </ClInclude>
    <ClInclude Include="BitFire\Resources\Font\BitMapFont\BitMapFontInfo.h">
      <Filter>Headerdateien</Filter>
    </ClInclude>
    <ClInclude Include="BitFire\Resources\Font\BitMapFont\BitMapFontLoader.h">
      <Filter>Headerdateien</Filter>
    </ClInclude>
    <ClInclude Include="BitFire\Resources\Font\BitMapFont\BitMapFontPage.h">
      <Filter>Headerdateien</Filter>
    </ClInclude>
    <ClInclude Include="BitFire\Resources\Image\BitMap\Chunk\Header\BitMapInfoHeader.h">
      <Filter>Headerdateien</Filter>
    </ClInclude>
    <ClInclude Include="BitFire\Resources\Image\BitMap\Chunk\Header\BitMapInformationHeaderType.h">
      <Filter>Headerdateien</Filter>
    </ClInclude>
    <ClInclude Include="BitFire\Resources\Image\BitMap\Chunk\Header\IBitMapInformationHeader.h">
      <Filter>Headerdateien</Filter>
    </ClInclude>
    <ClInclude Include="BitFire\Resources\Image\BitMap\Chunk\BitMapFileHeader.h">
      <Filter>Headerdateien</Filter>
    </ClInclude>
    <ClInclude Include="BitFire\Resources\Image\BitMap\Chunk\BitMapInformationHeader.h">
      <Filter>Headerdateien</Filter>
    </ClInclude>
    <ClInclude Include="BitFire\Resources\Image\BitMap\Chunk\BitMapType.h">
      <Filter>Headerdateien</Filter>
    </ClInclude>
    <ClInclude Include="BitFire\Resources\Image\BitMap\BitMap.h">
      <Filter>Headerdateien</Filter>
    </ClInclude>
    <ClInclude Include="BitFire\Resources\Image\BitMap\BitMapLoader.h">
      <Filter>Headerdateien</Filter>
    </ClInclude>
    <ClInclude Include="BitFire\Resources\Image\PixelArray\PixelArray.h">
      <Filter>Headerdateien</Filter>
    </ClInclude>
    <ClInclude Include="BitFire\Resources\Image\PixelArray\PixelArrayLoader.h">
      <Filter>Headerdateien</Filter>
    </ClInclude>
    <ClInclude Include="BitFire\Resources\Image\PortableNetworkGraphic\Chunk\Type\PortableNetworkGraphicChunkImageHeader.h">
      <Filter>Headerdateien</Filter>
    </ClInclude>
    <ClInclude Include="BitFire\Resources\Image\PortableNetworkGraphic\Chunk\Type\PortableNetworkGraphicChunkPalette.h">
      <Filter>Headerdateien</Filter>
    </ClInclude>
    <ClInclude Include="BitFire\Resources\Image\PortableNetworkGraphic\Chunk\Type\PortableNetworkGraphicFileHeader.h">
      <Filter>Headerdateien</Filter>
    </ClInclude>
    <ClInclude Include="BitFire\Resources\Image\PortableNetworkGraphic\Chunk\Type\PortableNetworkGraphicImageData.h">
      <Filter>Headerdateien</Filter>
    </ClInclude>
    <ClInclude Include="BitFire\Resources\Image\PortableNetworkGraphic\Chunk\PortableNetworkGraphicChunk.h">
      <Filter>Headerdateien</Filter>
    </ClInclude>
    <ClInclude Include="BitFire\Resources\Image\PortableNetworkGraphic\Chunk\PortableNetworkGraphicChunkType.h">
      <Filter>Headerdateien</Filter>
    </ClInclude>
    <ClInclude Include="BitFire\Resources\Image\PortableNetworkGraphic\PortableNetworkGraphic.h">
      <Filter>Headerdateien</Filter>
    </ClInclude>
    <ClInclude Include="BitFire\Resources\Image\PortableNetworkGraphic\PortableNetworkGraphicLoader.h">
      <Filter>Headerdateien</Filter>
    </ClInclude>
    <ClInclude Include="BitFire\Resources\Model\WaveFront\WaveFront.h">
      <Filter>Headerdateien</Filter>
    </ClInclude>
    <ClInclude Include="BitFire\Resources\Model\WaveFront\WaveFrontLineCommand.h">
      <Filter>Headerdateien</Filter>
    </ClInclude>
    <ClInclude Include="BitFire\Resources\Model\WaveFront\WaveFrontLoader.h">
      <Filter>Headerdateien</Filter>
    </ClInclude>
    <ClInclude Include="BitFire\Time\TimeCollection.h">
      <Filter>Headerdateien</Filter>
    </ClInclude>
    <ClInclude Include="BitFire\UI\Padding.h">
      <Filter>Headerdateien</Filter>
    </ClInclude>
    <ClInclude Include="BitFire\Utility\ListFloat.h">
      <Filter>Headerdateien</Filter>
    </ClInclude>
    <ClInclude Include="BitFire\Utility\ListUInt.h">
      <Filter>Headerdateien</Filter>
    </ClInclude>
    <ClInclude Include="BitFire\Utility\StringSplitter.h">
      <Filter>Headerdateien</Filter>
    </ClInclude>
  </ItemGroup>
</Project>