<?xml version="1.0" encoding="utf-8"?>
<Project ToolsVersion="4.0" xmlns="http://schemas.microsoft.com/developer/msbuild/2003">
  <ItemGroup>
    <Filter Include="Quelldateien">
      <UniqueIdentifier>{4FC737F1-C7A5-4376-A066-2A32D752A2FF}</UniqueIdentifier>
      <Extensions>cpp;c;cc;cxx;c++;cppm;ixx;def;odl;idl;hpj;bat;asm;asmx</Extensions>
    </Filter>
    <Filter Include="Headerdateien">
      <UniqueIdentifier>{93995380-89BD-4b04-88EB-625FBE52EBFB}</UniqueIdentifier>
      <Extensions>h;hh;hpp;hxx;h++;hm;inl;inc;ipp;xsd</Extensions>
    </Filter>
    <Filter Include="Ressourcendateien">
      <UniqueIdentifier>{67DA6AB6-F800-4c08-8B7A-83BB121AAD01}</UniqueIdentifier>
      <Extensions>rc;ico;cur;bmp;dlg;rc2;rct;bin;rgs;gif;jpg;jpeg;jpe;resx;tiff;tif;png;wav;mfcribbon-ms</Extensions>
    </Filter>
  </ItemGroup>
  <ItemGroup>
    <ClCompile Include="BitFire\Color\RGBA.cpp">
      <Filter>Quelldateien</Filter>
    </ClCompile>
    <ClCompile Include="BitFire\Graphics\Camera.cpp">
      <Filter>Quelldateien</Filter>
    </ClCompile>
    <ClCompile Include="BitFire\Graphics\CameraSettings.cpp">
      <Filter>Quelldateien</Filter>
    </ClCompile>
    <ClCompile Include="BitFire\IO\DataType\Texture.cpp">
      <Filter>Quelldateien</Filter>
    </ClCompile>
    <ClCompile Include="BitFire\IO\DataType\WaveFont.cpp">
      <Filter>Quelldateien</Filter>
    </ClCompile>
    <ClCompile Include="BitFire\IO\FileLoader.cpp">
      <Filter>Quelldateien</Filter>
    </ClCompile>
    <ClCompile Include="BitFire\IO\StringManipulator.cpp">
      <Filter>Quelldateien</Filter>
    </ClCompile>
    <ClCompile Include="BitFire\IO\TextureLoader.cpp">
      <Filter>Quelldateien</Filter>
    </ClCompile>
    <ClCompile Include="BitFire\Mathmatic\Geometry\Shapes\Rectangle.cpp">
      <Filter>Quelldateien</Filter>
    </ClCompile>
    <ClCompile Include="BitFire\Mathmatic\Geometry\Shapes\Triangle.cpp">
      <Filter>Quelldateien</Filter>
    </ClCompile>
    <ClCompile Include="BitFire\Mathmatic\Geometry\Mesh.cpp">
      <Filter>Quelldateien</Filter>
    </ClCompile>
    <ClCompile Include="BitFire\Mathmatic\Geometry\Point.cpp">
      <Filter>Quelldateien</Filter>
    </ClCompile>
    <ClCompile Include="BitFire\Mathmatic\Geometry\Position.cpp">
      <Filter>Quelldateien</Filter>
    </ClCompile>
    <ClCompile Include="BitFire\Mathmatic\Geometry\RenderObject.cpp">
      <Filter>Quelldateien</Filter>
    </ClCompile>
    <ClCompile Include="BitFire\Mathmatic\Geometry\TrippelIndex.cpp">
      <Filter>Quelldateien</Filter>
    </ClCompile>
    <ClCompile Include="BitFire\Mathmatic\Geometry\Vertex.cpp">
      <Filter>Quelldateien</Filter>
    </ClCompile>
    <ClCompile Include="BitFire\Mathmatic\Interpolate.cpp">
      <Filter>Quelldateien</Filter>
    </ClCompile>
    <ClCompile Include="BitFire\Shader\ShaderFile.cpp">
      <Filter>Quelldateien</Filter>
    </ClCompile>
    <ClCompile Include="BitFire\Shader\ShaderLoader.cpp">
      <Filter>Quelldateien</Filter>
    </ClCompile>
    <ClCompile Include="BitFire\Window\VertexBuffer.cpp">
      <Filter>Quelldateien</Filter>
    </ClCompile>
    <ClCompile Include="BitFire\Window\Window.cpp">
      <Filter>Quelldateien</Filter>
    </ClCompile>
    <ClCompile Include="BitFire\Main.cpp">
      <Filter>Quelldateien</Filter>
    </ClCompile>
    <ClCompile Include="BitFire\SplittedString.cpp">
      <Filter>Quelldateien</Filter>
    </ClCompile>
  </ItemGroup>
  <ItemGroup>
    <ClInclude Include="BitFire\Color\RGBA.h">
      <Filter>Headerdateien</Filter>
    </ClInclude>
    <ClInclude Include="BitFire\Graphics\Camera.h">
      <Filter>Headerdateien</Filter>
    </ClInclude>
    <ClInclude Include="BitFire\Graphics\CameraSettings.h">
      <Filter>Headerdateien</Filter>
    </ClInclude>
    <ClInclude Include="BitFire\Graphics\RefreshRateMode.h">
      <Filter>Headerdateien</Filter>
    </ClInclude>
    <ClInclude Include="BitFire\IO\DataType\Texture.h">
      <Filter>Headerdateien</Filter>
    </ClInclude>
    <ClInclude Include="BitFire\IO\DataType\WaveFont.h">
      <Filter>Headerdateien</Filter>
    </ClInclude>
    <ClInclude Include="BitFire\IO\FileLoader.h">
      <Filter>Headerdateien</Filter>
    </ClInclude>
    <ClInclude Include="BitFire\IO\StringManipulator.h">
      <Filter>Headerdateien</Filter>
    </ClInclude>
    <ClInclude Include="BitFire\IO\TextureLoader.h">
      <Filter>Headerdateien</Filter>
    </ClInclude>
    <ClInclude Include="BitFire\Mathmatic\Geometry\Shapes\Rectangle.h">
      <Filter>Headerdateien</Filter>
    </ClInclude>
    <ClInclude Include="BitFire\Mathmatic\Geometry\Shapes\Triangle.h">
      <Filter>Headerdateien</Filter>
    </ClInclude>
    <ClInclude Include="BitFire\Mathmatic\Geometry\Mesh.h">
      <Filter>Headerdateien</Filter>
    </ClInclude>
    <ClInclude Include="BitFire\Mathmatic\Geometry\Point.h">
      <Filter>Headerdateien</Filter>
    </ClInclude>
    <ClInclude Include="BitFire\Mathmatic\Geometry\Position.h">
      <Filter>Headerdateien</Filter>
    </ClInclude>
    <ClInclude Include="BitFire\Mathmatic\Geometry\RenderObject.h">
      <Filter>Headerdateien</Filter>
    </ClInclude>
    <ClInclude Include="BitFire\Mathmatic\Geometry\TrippelIndex.h">
      <Filter>Headerdateien</Filter>
    </ClInclude>
    <ClInclude Include="BitFire\Mathmatic\Geometry\Vertex.h">
      <Filter>Headerdateien</Filter>
    </ClInclude>
    <ClInclude Include="BitFire\Mathmatic\Interpolate.h">
      <Filter>Headerdateien</Filter>
    </ClInclude>
    <ClInclude Include="BitFire\Shader\ShaderFile.h">
      <Filter>Headerdateien</Filter>
    </ClInclude>
    <ClInclude Include="BitFire\Shader\ShaderLoader.h">
      <Filter>Headerdateien</Filter>
    </ClInclude>
    <ClInclude Include="BitFire\Window\VertexBuffer.h">
      <Filter>Headerdateien</Filter>
    </ClInclude>
    <ClInclude Include="BitFire\Window\Window.h">
      <Filter>Headerdateien</Filter>
    </ClInclude>
    <ClInclude Include="BitFire\SplittedString.h">
      <Filter>Headerdateien</Filter>
    </ClInclude>
  </ItemGroup>
</Project>