<?xml version="1.0" encoding="utf-8"?>
<Project ToolsVersion="4.0" xmlns="http://schemas.microsoft.com/developer/msbuild/2003">
  <ItemGroup>
    <Filter Include="Quelldateien">
      <UniqueIdentifier>{4FC737F1-C7A5-4376-A066-2A32D752A2FF}</UniqueIdentifier>
      <Extensions>cpp;c;cc;cxx;c++;cppm;ixx;def;odl;idl;hpj;bat;asm;asmx</Extensions>
    </Filter>
    <Filter Include="Headerdateien">
      <UniqueIdentifier>{93995380-89BD-4b04-88EB-625FBE52EBFB}</UniqueIdentifier>
      <Extensions>h;hh;hpp;hxx;h++;hm;inl;inc;ipp;xsd</Extensions>
    </Filter>
    <Filter Include="Ressourcendateien">
      <UniqueIdentifier>{67DA6AB6-F800-4c08-8B7A-83BB121AAD01}</UniqueIdentifier>
      <Extensions>rc;ico;cur;bmp;dlg;rc2;rct;bin;rgs;gif;jpg;jpeg;jpe;resx;tiff;tif;png;wav;mfcribbon-ms</Extensions>
    </Filter>
  </ItemGroup>
  <ItemGroup>
    <ClCompile Include="BitFire\Configuration\AudioConfig.cpp">
      <Filter>Quelldateien</Filter>
    </ClCompile>
    <ClCompile Include="BitFire\Configuration\ConfigContainer.cpp">
      <Filter>Quelldateien</Filter>
    </ClCompile>
    <ClCompile Include="BitFire\Configuration\VideoConfig.cpp">
      <Filter>Quelldateien</Filter>
    </ClCompile>
    <ClCompile Include="BitFire\Graphics\Camera\Camera.cpp">
      <Filter>Quelldateien</Filter>
    </ClCompile>
    <ClCompile Include="BitFire\Graphics\Camera\CameraSettings.cpp">
      <Filter>Quelldateien</Filter>
    </ClCompile>
    <ClCompile Include="BitFire\Graphics\Camera\FirstPersonCamera.cpp">
      <Filter>Quelldateien</Filter>
    </ClCompile>
    <ClCompile Include="BitFire\IO\Device\KeyBoard\KeyBoard.cpp">
      <Filter>Quelldateien</Filter>
    </ClCompile>
    <ClCompile Include="BitFire\IO\Device\Mouse\Mouse.cpp">
      <Filter>Quelldateien</Filter>
    </ClCompile>
    <ClCompile Include="BitFire\Mathematic\Algorithm\CRCAlgorithm.cpp">
      <Filter>Quelldateien</Filter>
    </ClCompile>
    <ClCompile Include="BitFire\Mathematic\Converter\Converter.cpp">
      <Filter>Quelldateien</Filter>
    </ClCompile>
    <ClCompile Include="BitFire\Mathematic\Diagrams\BoxPlot.cpp">
      <Filter>Quelldateien</Filter>
    </ClCompile>
    <ClCompile Include="BitFire\Mathematic\Geometry\Form\Cone.cpp">
      <Filter>Quelldateien</Filter>
    </ClCompile>
    <ClCompile Include="BitFire\Mathematic\Geometry\Form\Cube.cpp">
      <Filter>Quelldateien</Filter>
    </ClCompile>
    <ClCompile Include="BitFire\Mathematic\Geometry\Form\Cuboid.cpp">
      <Filter>Quelldateien</Filter>
    </ClCompile>
    <ClCompile Include="BitFire\Mathematic\Geometry\Form\Cylinder.cpp">
      <Filter>Quelldateien</Filter>
    </ClCompile>
    <ClCompile Include="BitFire\Mathematic\Geometry\Form\Icosahedron.cpp">
      <Filter>Quelldateien</Filter>
    </ClCompile>
    <ClCompile Include="BitFire\Mathematic\Geometry\Form\Sphere.cpp">
      <Filter>Quelldateien</Filter>
    </ClCompile>
    <ClCompile Include="BitFire\Mathematic\Geometry\Form\SquarePyramid.cpp">
      <Filter>Quelldateien</Filter>
    </ClCompile>
    <ClCompile Include="BitFire\Mathematic\Geometry\Shape\Circle.cpp">
      <Filter>Quelldateien</Filter>
    </ClCompile>
    <ClCompile Include="BitFire\Mathematic\Geometry\Shape\Hexagon.cpp">
      <Filter>Quelldateien</Filter>
    </ClCompile>
    <ClCompile Include="BitFire\Mathematic\Geometry\Shape\Pentagon.cpp">
      <Filter>Quelldateien</Filter>
    </ClCompile>
    <ClCompile Include="BitFire\Mathematic\Geometry\Shape\Rectangle.cpp">
      <Filter>Quelldateien</Filter>
    </ClCompile>
    <ClCompile Include="BitFire\Mathematic\Geometry\Shape\Shape.cpp">
      <Filter>Quelldateien</Filter>
    </ClCompile>
    <ClCompile Include="BitFire\Mathematic\Geometry\Shape\Square.cpp">
      <Filter>Quelldateien</Filter>
    </ClCompile>
    <ClCompile Include="BitFire\Mathematic\Geometry\Shape\Star.cpp">
      <Filter>Quelldateien</Filter>
    </ClCompile>
    <ClCompile Include="BitFire\Mathematic\Geometry\Shape\Triangle.cpp">
      <Filter>Quelldateien</Filter>
    </ClCompile>
    <ClCompile Include="BitFire\Mathematic\Physic\GravityBox.cpp">
      <Filter>Quelldateien</Filter>
    </ClCompile>
    <ClCompile Include="BitFire\Mathematic\Physic\GravityField.cpp">
      <Filter>Quelldateien</Filter>
    </ClCompile>
    <ClCompile Include="BitFire\Mathematic\Physic\GravitySphere.cpp">
      <Filter>Quelldateien</Filter>
    </ClCompile>
    <ClCompile Include="BitFire\Mathematic\Interpolate.cpp">
      <Filter>Quelldateien</Filter>
    </ClCompile>
    <ClCompile Include="BitFire\Mathematic\Math.cpp">
      <Filter>Quelldateien</Filter>
    </ClCompile>
    <ClCompile Include="BitFire\OpenGL\Window\Window.cpp">
      <Filter>Quelldateien</Filter>
    </ClCompile>
    <ClCompile Include="BitFire\Player\Player.cpp">
      <Filter>Quelldateien</Filter>
    </ClCompile>
    <ClCompile Include="BitFire\Resources\Font\FNT\FNT.cpp">
      <Filter>Quelldateien</Filter>
    </ClCompile>
    <ClCompile Include="BitFire\Resources\Font\FNT\FNTCharacter.cpp">
      <Filter>Quelldateien</Filter>
    </ClCompile>
    <ClCompile Include="BitFire\Resources\Font\FNT\FNTPage.cpp">
      <Filter>Quelldateien</Filter>
    </ClCompile>
    <ClCompile Include="BitFire\Resources\Font\OTF\OTF.cpp">
      <Filter>Quelldateien</Filter>
    </ClCompile>
    <ClCompile Include="BitFire\Resources\Font\TTF\TTF.cpp">
      <Filter>Quelldateien</Filter>
    </ClCompile>
    <ClCompile Include="BitFire\Resources\Font\Font.cpp">
      <Filter>Quelldateien</Filter>
    </ClCompile>
    <ClCompile Include="BitFire\Resources\Image\BMP\Chunk\Header\BMPInfoHeader.cpp">
      <Filter>Quelldateien</Filter>
    </ClCompile>
    <ClCompile Include="BitFire\Resources\Image\BMP\BMP.cpp">
      <Filter>Quelldateien</Filter>
    </ClCompile>
    <ClCompile Include="BitFire\Resources\Image\GIF\GIF.cpp">
      <Filter>Quelldateien</Filter>
    </ClCompile>
    <ClCompile Include="BitFire\Resources\Image\JPEG\JPEG.cpp">
      <Filter>Quelldateien</Filter>
    </ClCompile>
    <ClCompile Include="BitFire\Resources\Image\PNG\PNG.cpp">
      <Filter>Quelldateien</Filter>
    </ClCompile>
    <ClCompile Include="BitFire\Resources\Image\TIFF\TIFF.cpp">
      <Filter>Quelldateien</Filter>
    </ClCompile>
    <ClCompile Include="BitFire\Resources\Image\TIFF\TIFFLoader.cpp">
      <Filter>Quelldateien</Filter>
    </ClCompile>
    <ClCompile Include="BitFire\Resources\Image\Image.cpp">
      <Filter>Quelldateien</Filter>
    </ClCompile>
    <ClCompile Include="BitFire\Resources\Image\ImageLoader.cpp">
      <Filter>Quelldateien</Filter>
    </ClCompile>
    <ClCompile Include="BitFire\Resources\Model\3DS\A3DS.cpp">
      <Filter>Quelldateien</Filter>
    </ClCompile>
    <ClCompile Include="BitFire\Resources\Model\3DS\A3DSLoader.cpp">
      <Filter>Quelldateien</Filter>
    </ClCompile>
    <ClCompile Include="BitFire\Resources\Model\FBX\FBX.cpp">
      <Filter>Quelldateien</Filter>
    </ClCompile>
    <ClCompile Include="BitFire\Resources\Model\FBX\FBXLoader.cpp">
      <Filter>Quelldateien</Filter>
    </ClCompile>
    <ClCompile Include="BitFire\Resources\Model\PLY\PLY.cpp">
      <Filter>Quelldateien</Filter>
    </ClCompile>
    <ClCompile Include="BitFire\Resources\Model\PLY\PLYLoader.cpp">
      <Filter>Quelldateien</Filter>
    </ClCompile>
    <ClCompile Include="BitFire\Resources\Model\STL\STL.cpp">
      <Filter>Quelldateien</Filter>
    </ClCompile>
    <ClCompile Include="BitFire\Resources\Model\STL\STLLoader.cpp">
      <Filter>Quelldateien</Filter>
    </ClCompile>
    <ClCompile Include="BitFire\Resources\Model\WRL\WRL.cpp">
      <Filter>Quelldateien</Filter>
    </ClCompile>
    <ClCompile Include="BitFire\Resources\Model\WRL\WRLLoader.cpp">
      <Filter>Quelldateien</Filter>
    </ClCompile>
    <ClCompile Include="BitFire\Resources\Model\IModel.cpp">
      <Filter>Quelldateien</Filter>
    </ClCompile>
    <ClCompile Include="BitFire\Resources\Model\LinkedMesh.cpp">
      <Filter>Quelldateien</Filter>
    </ClCompile>
    <ClCompile Include="BitFire\Resources\Model\Mesh.cpp">
      <Filter>Quelldateien</Filter>
    </ClCompile>
    <ClCompile Include="BitFire\Resources\Model\MeshIndexData.cpp">
      <Filter>Quelldateien</Filter>
    </ClCompile>
    <ClCompile Include="BitFire\Resources\Model\Model.cpp">
      <Filter>Quelldateien</Filter>
    </ClCompile>
    <ClCompile Include="BitFire\Resources\Model\ModelLoader.cpp">
      <Filter>Quelldateien</Filter>
    </ClCompile>
    <ClCompile Include="BitFire\Resources\Model\Vertex.cpp">
      <Filter>Quelldateien</Filter>
    </ClCompile>
    <ClCompile Include="BitFire\Resources\Sound\MID\MID.cpp">
      <Filter>Quelldateien</Filter>
    </ClCompile>
    <ClCompile Include="BitFire\Resources\Sound\MID\MIDLoader.cpp">
      <Filter>Quelldateien</Filter>
    </ClCompile>
    <ClCompile Include="BitFire\Resources\Sound\MP3\MP3.cpp">
      <Filter>Quelldateien</Filter>
    </ClCompile>
    <ClCompile Include="BitFire\Resources\Sound\MP3\MP3Loader.cpp">
      <Filter>Quelldateien</Filter>
    </ClCompile>
    <ClCompile Include="BitFire\Resources\Sound\OGG\OGG.cpp">
      <Filter>Quelldateien</Filter>
    </ClCompile>
    <ClCompile Include="BitFire\Resources\Sound\OGG\OGGLoader.cpp">
      <Filter>Quelldateien</Filter>
    </ClCompile>
    <ClCompile Include="BitFire\Resources\Sound\WAV\WAV.cpp">
      <Filter>Quelldateien</Filter>
    </ClCompile>
    <ClCompile Include="BitFire\Resources\Sound\WAV\WAVLoader.cpp">
      <Filter>Quelldateien</Filter>
    </ClCompile>
    <ClCompile Include="BitFire\Resources\Sound\ISound.cpp">
      <Filter>Quelldateien</Filter>
    </ClCompile>
    <ClCompile Include="BitFire\Resources\Sound\Sound.cpp">
      <Filter>Quelldateien</Filter>
    </ClCompile>
    <ClCompile Include="BitFire\Resources\Sound\SoundLoader.cpp">
      <Filter>Quelldateien</Filter>
    </ClCompile>
    <ClCompile Include="BitFire\Resources\ILoader.cpp">
      <Filter>Quelldateien</Filter>
    </ClCompile>
    <ClCompile Include="BitFire\Time\StopWatch.cpp">
      <Filter>Quelldateien</Filter>
    </ClCompile>
    <ClCompile Include="BitFire\UI\Button.cpp">
      <Filter>Quelldateien</Filter>
    </ClCompile>
    <ClCompile Include="BitFire\Main.cpp">
      <Filter>Quelldateien</Filter>
    </ClCompile>
    <ClCompile Include="BitFire\IO\Serialization\YAML\YAMLLoader.cpp">
      <Filter>Quelldateien</Filter>
    </ClCompile>
    <ClCompile Include="BitFire\IO\Serialization\XML\XMLLoader.cpp">
      <Filter>Quelldateien</Filter>
    </ClCompile>
    <ClCompile Include="BitFire\IO\Serialization\JSON\JSONLoader.cpp">
      <Filter>Quelldateien</Filter>
    </ClCompile>
    <ClCompile Include="BitFire\IO\Serialization\INI\INILoader.cpp">
      <Filter>Quelldateien</Filter>
    </ClCompile>
    <ClCompile Include="BitFire\OpenGL\Window\InputContainer.cpp">
      <Filter>Quelldateien</Filter>
    </ClCompile>
    <ClCompile Include="BitFire\Resources\Model\OBJ\MTL\MTL.cpp">
      <Filter>Quelldateien</Filter>
    </ClCompile>
    <ClCompile Include="BitFire\Resources\Model\OBJ\OBJ.cpp">
      <Filter>Quelldateien</Filter>
    </ClCompile>
    <ClCompile Include="BitFire\Resources\Model\OBJ\OBJElement.cpp">
      <Filter>Quelldateien</Filter>
    </ClCompile>
    <ClCompile Include="BitFire\Resources\Shader\Shader.cpp">
      <Filter>Quelldateien</Filter>
    </ClCompile>
    <ClCompile Include="BitFire\Resources\Shader\ShaderLoader.cpp">
      <Filter>Quelldateien</Filter>
    </ClCompile>
    <ClCompile Include="BitFire\Resources\Shader\ShaderProgram.cpp">
      <Filter>Quelldateien</Filter>
    </ClCompile>
    <ClCompile Include="BitFire\Resources\Dialog\Dialog.cpp">
      <Filter>Quelldateien</Filter>
    </ClCompile>
    <ClCompile Include="BitFire\Resources\Dialog\DialogLoader.cpp">
      <Filter>Quelldateien</Filter>
    </ClCompile>
    <ClCompile Include="BitFire\Crypto\ISBN.cpp">
      <Filter>Quelldateien</Filter>
    </ClCompile>
    <ClCompile Include="BitFire\Crypto\ICypher.cpp">
      <Filter>Quelldateien</Filter>
    </ClCompile>
    <ClCompile Include="BitFire\Crypto\Caesar.cpp">
      <Filter>Quelldateien</Filter>
    </ClCompile>
    <ClCompile Include="BitFire\Crypto\RSA.cpp">
      <Filter>Quelldateien</Filter>
    </ClCompile>
    <ClCompile Include="BitFire\UI\DialogBox\DialogBox.cpp">
      <Filter>Quelldateien</Filter>
    </ClCompile>
    <ClCompile Include="BitFire\UI\DialogBox\NewCharacterEvent.cpp">
      <Filter>Quelldateien</Filter>
    </ClCompile>
    <ClCompile Include="BitFire\UI\DialogBox\NewPageEvent.cpp">
      <Filter>Quelldateien</Filter>
    </ClCompile>
    <ClCompile Include="BitFire\UI\DialogBox\OpenEvent.cpp">
      <Filter>Quelldateien</Filter>
    </ClCompile>
    <ClCompile Include="BitFire\UI\DialogBox\CloseEvent.cpp">
      <Filter>Quelldateien</Filter>
    </ClCompile>
    <ClCompile Include="BitFire\System\GameTickData.cpp">
      <Filter>Quelldateien</Filter>
    </ClCompile>
    <ClCompile Include="BitFire\System\GameTickEvent.cpp">
      <Filter>Quelldateien</Filter>
    </ClCompile>
    <ClCompile Include="BitFire\Mathematic\Geometry\Form\Form.cpp">
      <Filter>Quelldateien</Filter>
    </ClCompile>
    <ClCompile Include="BitFire\Network\Client.cpp">
      <Filter>Quelldateien</Filter>
    </ClCompile>
    <ClCompile Include="BitFire\Network\ConnectionCredential.cpp">
      <Filter>Quelldateien</Filter>
    </ClCompile>
    <ClCompile Include="BitFire\Network\IP.cpp">
      <Filter>Quelldateien</Filter>
    </ClCompile>
    <ClCompile Include="BitFire\Network\IPv4.cpp">
      <Filter>Quelldateien</Filter>
    </ClCompile>
    <ClCompile Include="BitFire\Network\IPv6.cpp">
      <Filter>Quelldateien</Filter>
    </ClCompile>
    <ClCompile Include="BitFire\Network\Server.cpp">
      <Filter>Quelldateien</Filter>
    </ClCompile>
    <ClCompile Include="BitFire\Level\Level.cpp">
      <Filter>Quelldateien</Filter>
    </ClCompile>
    <ClCompile Include="BitFire\Mathematic\Physic\Collider.cpp">
      <Filter>Quelldateien</Filter>
    </ClCompile>
    <ClCompile Include="BitFire\IO\InputSystem.cpp">
      <Filter>Quelldateien</Filter>
    </ClCompile>
    <ClCompile Include="BitFire\UI\UIElement.cpp">
      <Filter>Quelldateien</Filter>
    </ClCompile>
    <ClCompile Include="BitFire\IO\Device\InputButton.cpp">
      <Filter>Quelldateien</Filter>
    </ClCompile>
    <ClCompile Include="BitFire\OpenGL\Render\RenderSpace.h">
      <Filter>Quelldateien</Filter>
    </ClCompile>
    <ClCompile Include="BitFire\Utility\UUID.cpp">
      <Filter>Quelldateien</Filter>
    </ClCompile>
    <ClCompile Include="BitFire\OpenGL\Render\HUD.cpp">
      <Filter>Quelldateien</Filter>
    </ClCompile>
    <ClCompile Include="BitFire\Utility\ASCIIString.cpp">
      <Filter>Quelldateien</Filter>
    </ClCompile>
    <ClCompile Include="BitFire\Resources\ResouceManager.cpp">
      <Filter>Quelldateien</Filter>
    </ClCompile>
    <ClCompile Include="BitFire\System\GameSystem.cpp">
      <Filter>Quelldateien</Filter>
    </ClCompile>
    <ClCompile Include="BitFire\Resources\Resource.cpp">
      <Filter>Quelldateien</Filter>
    </ClCompile>
    <ClCompile Include="BitFire\Resources\Model\ModelRenderInformation.cpp">
      <Filter>Quelldateien</Filter>
    </ClCompile>
    <ClCompile Include="BitFire\Utility\DoubleWord.cpp">
      <Filter>Quelldateien</Filter>
    </ClCompile>
    <ClCompile Include="BitFire\Utility\Word.cpp">
      <Filter>Quelldateien</Filter>
    </ClCompile>
    <ClCompile Include="BitFire\Resources\Compression\Deflate\Deflate.cpp">
      <Filter>Quelldateien</Filter>
    </ClCompile>
    <ClCompile Include="BitFire\Resources\Compression\ZLIB\ZLIB.cpp">
      <Filter>Quelldateien</Filter>
    </ClCompile>
    <ClCompile Include="BitFire\Resources\Compression\Huffman\HuffmanCodeFixed.cpp">
      <Filter>Quelldateien</Filter>
    </ClCompile>
    <ClCompile Include="BitFire\Resources\Compression\Deflate\DeflateCompressedBlock.cpp">
      <Filter>Quelldateien</Filter>
    </ClCompile>
    <ClCompile Include="BitFire\Resources\Compression\ZLIB\ZLibHeader.cpp">
      <Filter>Quelldateien</Filter>
    </ClCompile>
    <ClCompile Include="BitFire\Utility\BitStreamHusk.cpp">
      <Filter>Quelldateien</Filter>
    </ClCompile>
    <ClCompile Include="BitFire\Resources\Compression\Deflate\DeflateCompressionType.h">
      <Filter>Quelldateien</Filter>
    </ClCompile>
    <ClCompile Include="BitFire\Utility\ByteStreamHusk.cpp">
      <Filter>Quelldateien</Filter>
    </ClCompile>
    <ClCompile Include="BitFire\Resources\Image\TGA\TGA.cpp">
      <Filter>Quelldateien</Filter>
    </ClCompile>
    <ClCompile Include="BitFire\Resources\Image\PNG\PNGChunk.cpp">
      <Filter>Quelldateien</Filter>
    </ClCompile>
    <ClCompile Include="BitFire\Resources\Image\PNG\PNGChunkTypeBlock.cpp">
      <Filter>Quelldateien</Filter>
    </ClCompile>
    <ClCompile Include="BitFire\Resources\File\File.cpp">
      <Filter>Quelldateien</Filter>
    </ClCompile>
    <ClCompile Include="BitFire\UI\UIImage.cpp">
      <Filter>Quelldateien</Filter>
    </ClCompile>
    <ClCompile Include="BitFire\Resources\Font\FNT\FNTChanalMode.h">
      <Filter>Quelldateien</Filter>
    </ClCompile>
    <ClCompile Include="BitFire\UI\UIText.cpp">
      <Filter>Quelldateien</Filter>
    </ClCompile>
    <ClCompile Include="BitFire\Resources\Model\Material.cpp">
      <Filter>Quelldateien</Filter>
    </ClCompile>
    <ClCompile Include="BitFire\Resources\Model\OBJ\MTL\MTLMaterial.cpp">
      <Filter>Quelldateien</Filter>
    </ClCompile>
  </ItemGroup>
  <ItemGroup>
    <ClInclude Include="BitFire\Configuration\AudioConfig.h">
      <Filter>Headerdateien</Filter>
    </ClInclude>
    <ClInclude Include="BitFire\Configuration\ConfigContainer.h">
      <Filter>Headerdateien</Filter>
    </ClInclude>
    <ClInclude Include="BitFire\Configuration\RefreshRateMode.h">
      <Filter>Headerdateien</Filter>
    </ClInclude>
    <ClInclude Include="BitFire\Configuration\VideoConfig.h">
      <Filter>Headerdateien</Filter>
    </ClInclude>
    <ClInclude Include="BitFire\Graphics\Camera\Camera.h">
      <Filter>Headerdateien</Filter>
    </ClInclude>
    <ClInclude Include="BitFire\Graphics\Camera\CameraMode.h">
      <Filter>Headerdateien</Filter>
    </ClInclude>
    <ClInclude Include="BitFire\Graphics\Camera\CameraSettings.h">
      <Filter>Headerdateien</Filter>
    </ClInclude>
    <ClInclude Include="BitFire\Graphics\Camera\FirstPersonCamera.h">
      <Filter>Headerdateien</Filter>
    </ClInclude>
    <ClInclude Include="BitFire\IO\Device\KeyBoard\KeyBoard.h">
      <Filter>Headerdateien</Filter>
    </ClInclude>
    <ClInclude Include="BitFire\IO\Device\Mouse\CursorMode.h">
      <Filter>Headerdateien</Filter>
    </ClInclude>
    <ClInclude Include="BitFire\IO\Device\Mouse\Mouse.h">
      <Filter>Headerdateien</Filter>
    </ClInclude>
    <ClInclude Include="BitFire\IO\EndianType.h">
      <Filter>Headerdateien</Filter>
    </ClInclude>
    <ClInclude Include="BitFire\Mathematic\Algorithm\CRCAlgorithm.h">
      <Filter>Headerdateien</Filter>
    </ClInclude>
    <ClInclude Include="BitFire\Mathematic\Converter\Converter.h">
      <Filter>Headerdateien</Filter>
    </ClInclude>
    <ClInclude Include="BitFire\Mathematic\Diagrams\BoxPlot.h">
      <Filter>Headerdateien</Filter>
    </ClInclude>
    <ClInclude Include="BitFire\Mathematic\Geometry\Form\Cone.h">
      <Filter>Headerdateien</Filter>
    </ClInclude>
    <ClInclude Include="BitFire\Mathematic\Geometry\Form\Cube.h">
      <Filter>Headerdateien</Filter>
    </ClInclude>
    <ClInclude Include="BitFire\Mathematic\Geometry\Form\Cuboid.h">
      <Filter>Headerdateien</Filter>
    </ClInclude>
    <ClInclude Include="BitFire\Mathematic\Geometry\Form\Cylinder.h">
      <Filter>Headerdateien</Filter>
    </ClInclude>
    <ClInclude Include="BitFire\Mathematic\Geometry\Form\Icosahedron.h">
      <Filter>Headerdateien</Filter>
    </ClInclude>
    <ClInclude Include="BitFire\Mathematic\Geometry\Form\Sphere.h">
      <Filter>Headerdateien</Filter>
    </ClInclude>
    <ClInclude Include="BitFire\Mathematic\Geometry\Form\SquarePyramid.h">
      <Filter>Headerdateien</Filter>
    </ClInclude>
    <ClInclude Include="BitFire\Mathematic\Geometry\Shape\Circle.h">
      <Filter>Headerdateien</Filter>
    </ClInclude>
    <ClInclude Include="BitFire\Mathematic\Geometry\Shape\Hexagon.h">
      <Filter>Headerdateien</Filter>
    </ClInclude>
    <ClInclude Include="BitFire\Mathematic\Geometry\Shape\Pentagon.h">
      <Filter>Headerdateien</Filter>
    </ClInclude>
    <ClInclude Include="BitFire\Mathematic\Geometry\Shape\Rectangle.h">
      <Filter>Headerdateien</Filter>
    </ClInclude>
    <ClInclude Include="BitFire\Mathematic\Geometry\Shape\Shape.h">
      <Filter>Headerdateien</Filter>
    </ClInclude>
    <ClInclude Include="BitFire\Mathematic\Geometry\Shape\Square.h">
      <Filter>Headerdateien</Filter>
    </ClInclude>
    <ClInclude Include="BitFire\Mathematic\Geometry\Shape\Star.h">
      <Filter>Headerdateien</Filter>
    </ClInclude>
    <ClInclude Include="BitFire\Mathematic\Geometry\Shape\Triangle.h">
      <Filter>Headerdateien</Filter>
    </ClInclude>
    <ClInclude Include="BitFire\Mathematic\Geometry\Direction.h">
      <Filter>Headerdateien</Filter>
    </ClInclude>
    <ClInclude Include="BitFire\Mathematic\Physic\GravityBox.h">
      <Filter>Headerdateien</Filter>
    </ClInclude>
    <ClInclude Include="BitFire\Mathematic\Physic\GravityField.h">
      <Filter>Headerdateien</Filter>
    </ClInclude>
    <ClInclude Include="BitFire\Mathematic\Physic\GravitySphere.h">
      <Filter>Headerdateien</Filter>
    </ClInclude>
    <ClInclude Include="BitFire\Mathematic\Interpolate.h">
      <Filter>Headerdateien</Filter>
    </ClInclude>
    <ClInclude Include="BitFire\Mathematic\Math.h">
      <Filter>Headerdateien</Filter>
    </ClInclude>
    <ClInclude Include="BitFire\OpenGL\Render\RenderMode.h">
      <Filter>Headerdateien</Filter>
    </ClInclude>
    <ClInclude Include="BitFire\OpenGL\Window\Window.h">
      <Filter>Headerdateien</Filter>
    </ClInclude>
    <ClInclude Include="BitFire\Player\Player.h">
      <Filter>Headerdateien</Filter>
    </ClInclude>
    <ClInclude Include="BitFire\Resources\Font\FNT\FNT.h">
      <Filter>Headerdateien</Filter>
    </ClInclude>
    <ClInclude Include="BitFire\Resources\Font\FNT\FNTCharacter.h">
      <Filter>Headerdateien</Filter>
    </ClInclude>
    <ClInclude Include="BitFire\Resources\Font\FNT\FNTCommand.h">
      <Filter>Headerdateien</Filter>
    </ClInclude>
    <ClInclude Include="BitFire\Resources\Font\FNT\FNTPage.h">
      <Filter>Headerdateien</Filter>
    </ClInclude>
    <ClInclude Include="BitFire\Resources\Font\OTF\OTF.h">
      <Filter>Headerdateien</Filter>
    </ClInclude>
    <ClInclude Include="BitFire\Resources\Font\TTF\TTF.h">
      <Filter>Headerdateien</Filter>
    </ClInclude>
    <ClInclude Include="BitFire\Resources\Font\Font.h">
      <Filter>Headerdateien</Filter>
    </ClInclude>
    <ClInclude Include="BitFire\Resources\Font\FontFormat.h">
      <Filter>Headerdateien</Filter>
    </ClInclude>
    <ClInclude Include="BitFire\Resources\Image\BMP\Chunk\Header\BMPInfoHeader.h">
      <Filter>Headerdateien</Filter>
    </ClInclude>
    <ClInclude Include="BitFire\Resources\Image\BMP\Chunk\Header\BMPInformationHeaderType.h">
      <Filter>Headerdateien</Filter>
    </ClInclude>
    <ClInclude Include="BitFire\Resources\Image\BMP\Chunk\Header\IBMPInformationHeader.h">
      <Filter>Headerdateien</Filter>
    </ClInclude>
    <ClInclude Include="BitFire\Resources\Image\BMP\BMP.h">
      <Filter>Headerdateien</Filter>
    </ClInclude>
    <ClInclude Include="BitFire\Resources\Image\GIF\GIF.h">
      <Filter>Headerdateien</Filter>
    </ClInclude>
    <ClInclude Include="BitFire\Resources\Image\JPEG\JPEG.h">
      <Filter>Headerdateien</Filter>
    </ClInclude>
    <ClInclude Include="BitFire\Resources\Image\PNG\PNG.h">
      <Filter>Headerdateien</Filter>
    </ClInclude>
    <ClInclude Include="BitFire\Resources\Image\TIFF\TIFF.h">
      <Filter>Headerdateien</Filter>
    </ClInclude>
    <ClInclude Include="BitFire\Resources\Image\TIFF\TIFFLoader.h">
      <Filter>Headerdateien</Filter>
    </ClInclude>
    <ClInclude Include="BitFire\Resources\Image\Image.h">
      <Filter>Headerdateien</Filter>
    </ClInclude>
    <ClInclude Include="BitFire\Resources\Image\ImageLoader.h">
      <Filter>Headerdateien</Filter>
    </ClInclude>
    <ClInclude Include="BitFire\Resources\Model\3DS\A3DS.h">
      <Filter>Headerdateien</Filter>
    </ClInclude>
    <ClInclude Include="BitFire\Resources\Model\3DS\A3DSLoader.h">
      <Filter>Headerdateien</Filter>
    </ClInclude>
    <ClInclude Include="BitFire\Resources\Model\FBX\FBX.h">
      <Filter>Headerdateien</Filter>
    </ClInclude>
    <ClInclude Include="BitFire\Resources\Model\FBX\FBXLoader.h">
      <Filter>Headerdateien</Filter>
    </ClInclude>
    <ClInclude Include="BitFire\Resources\Model\PLY\PLY.h">
      <Filter>Headerdateien</Filter>
    </ClInclude>
    <ClInclude Include="BitFire\Resources\Model\PLY\PLYLoader.h">
      <Filter>Headerdateien</Filter>
    </ClInclude>
    <ClInclude Include="BitFire\Resources\Model\STL\STL.h">
      <Filter>Headerdateien</Filter>
    </ClInclude>
    <ClInclude Include="BitFire\Resources\Model\STL\STLLoader.h">
      <Filter>Headerdateien</Filter>
    </ClInclude>
    <ClInclude Include="BitFire\Resources\Model\WRL\WRL.h">
      <Filter>Headerdateien</Filter>
    </ClInclude>
    <ClInclude Include="BitFire\Resources\Model\WRL\WRLLoader.h">
      <Filter>Headerdateien</Filter>
    </ClInclude>
    <ClInclude Include="BitFire\Resources\Model\IModel.h">
      <Filter>Headerdateien</Filter>
    </ClInclude>
    <ClInclude Include="BitFire\Resources\Model\LinkedMesh.h">
      <Filter>Headerdateien</Filter>
    </ClInclude>
    <ClInclude Include="BitFire\Resources\Model\Mesh.h">
      <Filter>Headerdateien</Filter>
    </ClInclude>
    <ClInclude Include="BitFire\Resources\Model\MeshIndexData.h">
      <Filter>Headerdateien</Filter>
    </ClInclude>
    <ClInclude Include="BitFire\Resources\Model\Model.h">
      <Filter>Headerdateien</Filter>
    </ClInclude>
    <ClInclude Include="BitFire\Resources\Model\ModelLoader.h">
      <Filter>Headerdateien</Filter>
    </ClInclude>
    <ClInclude Include="BitFire\Resources\Model\ModelType.h">
      <Filter>Headerdateien</Filter>
    </ClInclude>
    <ClInclude Include="BitFire\Resources\Model\Vertex.h">
      <Filter>Headerdateien</Filter>
    </ClInclude>
    <ClInclude Include="BitFire\Resources\Sound\MID\MID.h">
      <Filter>Headerdateien</Filter>
    </ClInclude>
    <ClInclude Include="BitFire\Resources\Sound\MID\MIDLoader.h">
      <Filter>Headerdateien</Filter>
    </ClInclude>
    <ClInclude Include="BitFire\Resources\Sound\MP3\MP3.h">
      <Filter>Headerdateien</Filter>
    </ClInclude>
    <ClInclude Include="BitFire\Resources\Sound\MP3\MP3Loader.h">
      <Filter>Headerdateien</Filter>
    </ClInclude>
    <ClInclude Include="BitFire\Resources\Sound\OGG\OGG.h">
      <Filter>Headerdateien</Filter>
    </ClInclude>
    <ClInclude Include="BitFire\Resources\Sound\OGG\OGGLoader.h">
      <Filter>Headerdateien</Filter>
    </ClInclude>
    <ClInclude Include="BitFire\Resources\Sound\WAV\WAV.h">
      <Filter>Headerdateien</Filter>
    </ClInclude>
    <ClInclude Include="BitFire\Resources\Sound\WAV\WAVLoader.h">
      <Filter>Headerdateien</Filter>
    </ClInclude>
    <ClInclude Include="BitFire\Resources\Sound\ISound.h">
      <Filter>Headerdateien</Filter>
    </ClInclude>
    <ClInclude Include="BitFire\Resources\Sound\Sound.h">
      <Filter>Headerdateien</Filter>
    </ClInclude>
    <ClInclude Include="BitFire\Resources\Sound\SoundFormat.h">
      <Filter>Headerdateien</Filter>
    </ClInclude>
    <ClInclude Include="BitFire\Resources\Sound\SoundLoader.h">
      <Filter>Headerdateien</Filter>
    </ClInclude>
    <ClInclude Include="BitFire\Resources\ILoader.h">
      <Filter>Headerdateien</Filter>
    </ClInclude>
    <ClInclude Include="BitFire\Time\StopWatch.h">
      <Filter>Headerdateien</Filter>
    </ClInclude>
    <ClInclude Include="BitFire\UI\Button.h">
      <Filter>Headerdateien</Filter>
    </ClInclude>
    <ClInclude Include="BitFire\Utility\Dictionary.hpp">
      <Filter>Headerdateien</Filter>
    </ClInclude>
    <ClInclude Include="BitFire\Utility\List.hpp">
      <Filter>Headerdateien</Filter>
    </ClInclude>
    <ClInclude Include="BitFire\Utility\Queue.hpp">
      <Filter>Headerdateien</Filter>
    </ClInclude>
    <ClInclude Include="BitFire\IO\Serialization\YAML\YAMLLoader.h">
      <Filter>Headerdateien</Filter>
    </ClInclude>
    <ClInclude Include="BitFire\IO\Serialization\XML\XMLLoader.h">
      <Filter>Headerdateien</Filter>
    </ClInclude>
    <ClInclude Include="BitFire\IO\Serialization\JSON\JSONLoader.h">
      <Filter>Headerdateien</Filter>
    </ClInclude>
    <ClInclude Include="BitFire\IO\Serialization\INI\INILoader.h">
      <Filter>Headerdateien</Filter>
    </ClInclude>
    <ClInclude Include="BitFire\OpenGL\Window\InputContainer.h">
      <Filter>Headerdateien</Filter>
    </ClInclude>
    <ClInclude Include="BitFire\Resources\Model\OBJ\MTL\IlluminationMode.h">
      <Filter>Headerdateien</Filter>
    </ClInclude>
    <ClInclude Include="BitFire\Resources\Model\OBJ\MTL\MTL.h">
      <Filter>Headerdateien</Filter>
    </ClInclude>
    <ClInclude Include="BitFire\Resources\Model\OBJ\MTL\MTLCommand.h">
      <Filter>Headerdateien</Filter>
    </ClInclude>
    <ClInclude Include="BitFire\Resources\Model\OBJ\OBJ.h">
      <Filter>Headerdateien</Filter>
    </ClInclude>
    <ClInclude Include="BitFire\Resources\Model\OBJ\OBJElement.h">
      <Filter>Headerdateien</Filter>
    </ClInclude>
    <ClInclude Include="BitFire\Resources\Model\OBJ\OBJLineCommand.h">
      <Filter>Headerdateien</Filter>
    </ClInclude>
    <ClInclude Include="BitFire\Utility\Table.hpp">
      <Filter>Headerdateien</Filter>
    </ClInclude>
    <ClInclude Include="BitFire\Color\RGB.hpp">
      <Filter>Headerdateien</Filter>
    </ClInclude>
    <ClInclude Include="BitFire\Color\RGBA.hpp">
      <Filter>Headerdateien</Filter>
    </ClInclude>
    <ClInclude Include="BitFire\System\SystemState.h">
      <Filter>Headerdateien</Filter>
    </ClInclude>
    <ClInclude Include="BitFire\Resources\Shader\Shader.h">
      <Filter>Headerdateien</Filter>
    </ClInclude>
    <ClInclude Include="BitFire\Resources\Shader\ShaderType.h">
      <Filter>Headerdateien</Filter>
    </ClInclude>
    <ClInclude Include="BitFire\Resources\Shader\ShaderLoader.h">
      <Filter>Headerdateien</Filter>
    </ClInclude>
    <ClInclude Include="BitFire\Resources\Shader\ShaderProgram.h">
      <Filter>Headerdateien</Filter>
    </ClInclude>
    <ClInclude Include="BitFire\Resources\Dialog\Dialog.h">
      <Filter>Headerdateien</Filter>
    </ClInclude>
    <ClInclude Include="BitFire\Resources\Dialog\DialogLoader.h">
      <Filter>Headerdateien</Filter>
    </ClInclude>
    <ClInclude Include="BitFire\Crypto\ISBN.h">
      <Filter>Headerdateien</Filter>
    </ClInclude>
    <ClInclude Include="BitFire\Crypto\ICypher.h">
      <Filter>Headerdateien</Filter>
    </ClInclude>
    <ClInclude Include="BitFire\Crypto\Caesar.h">
      <Filter>Headerdateien</Filter>
    </ClInclude>
    <ClInclude Include="BitFire\Crypto\RSA.h">
      <Filter>Headerdateien</Filter>
    </ClInclude>
    <ClInclude Include="BitFire\Mathematic\Complex.h">
      <Filter>Headerdateien</Filter>
    </ClInclude>
    <ClInclude Include="BitFire\Mathematic\Geometry\Point.hpp">
      <Filter>Headerdateien</Filter>
    </ClInclude>
    <ClInclude Include="BitFire\Mathematic\Geometry\Position.hpp">
      <Filter>Headerdateien</Filter>
    </ClInclude>
    <ClInclude Include="BitFire\Utility\LinkedList.hpp">
      <Filter>Headerdateien</Filter>
    </ClInclude>
    <ClInclude Include="BitFire\Utility\LinkedListNode.hpp">
      <Filter>Headerdateien</Filter>
    </ClInclude>
    <ClInclude Include="BitFire\UI\DialogBox.h">
      <Filter>Headerdateien</Filter>
    </ClInclude>
    <ClInclude Include="BitFire\UI\DialogBox.h">
      <Filter>Headerdateien</Filter>
    </ClInclude>
    <ClInclude Include="BitFire\UI\DialogBox\DialogBox.h">
      <Filter>Headerdateien</Filter>
    </ClInclude>
    <ClInclude Include="BitFire\UI\DialogBox\OpenEvent.h">
      <Filter>Headerdateien</Filter>
    </ClInclude>
    <ClInclude Include="BitFire\UI\DialogBox\NewCharacterEvent.h">
      <Filter>Headerdateien</Filter>
    </ClInclude>
    <ClInclude Include="BitFire\UI\DialogBox\NewPageEvent.h">
      <Filter>Headerdateien</Filter>
    </ClInclude>
    <ClInclude Include="BitFire\UI\DialogBox\CloseEvent.h">
      <Filter>Headerdateien</Filter>
    </ClInclude>
    <ClInclude Include="BitFire\System\GameTickData.h">
      <Filter>Headerdateien</Filter>
    </ClInclude>
    <ClInclude Include="BitFire\System\GameTickEvent.h">
      <Filter>Headerdateien</Filter>
    </ClInclude>
    <ClInclude Include="BitFire\Event\TriggerEvent.hpp">
      <Filter>Headerdateien</Filter>
    </ClInclude>
    <ClInclude Include="BitFire\Event\DataEvent.hpp">
      <Filter>Headerdateien</Filter>
    </ClInclude>
    <ClInclude Include="BitFire\Utility\BinaryTree\BinaryTreeNode.hpp">
      <Filter>Headerdateien</Filter>
    </ClInclude>
    <ClInclude Include="BitFire\Utility\BinaryTree\BinaryTree.hpp">
      <Filter>Headerdateien</Filter>
    </ClInclude>
    <ClInclude Include="BitFire\Utility\BinaryTree\BinaryTreeDirection.h">
      <Filter>Headerdateien</Filter>
    </ClInclude>
    <ClInclude Include="BitFire\Utility\BinaryTree\BinaryTreeData.hpp">
      <Filter>Headerdateien</Filter>
    </ClInclude>
    <ClInclude Include="BitFire\Utility\BinaryTree\BinaryTreeDataRotationInformation.h">
      <Filter>Headerdateien</Filter>
    </ClInclude>
    <ClInclude Include="BitFire\Mathematic\Geometry\Form\Form.h">
      <Filter>Headerdateien</Filter>
    </ClInclude>
    <ClInclude Include="BitFire\Resources\Image\ImageLayout.h">
      <Filter>Headerdateien</Filter>
    </ClInclude>
    <ClInclude Include="BitFire\Resources\Image\ImageWrap.h">
      <Filter>Headerdateien</Filter>
    </ClInclude>
    <ClInclude Include="BitFire\Network\Server.h">
      <Filter>Headerdateien</Filter>
    </ClInclude>
    <ClInclude Include="BitFire\Network\Client.h">
      <Filter>Headerdateien</Filter>
    </ClInclude>
    <ClInclude Include="BitFire\Network\ComunicationRole.h">
      <Filter>Headerdateien</Filter>
    </ClInclude>
    <ClInclude Include="BitFire\Network\ConnectionCredential.h">
      <Filter>Headerdateien</Filter>
    </ClInclude>
    <ClInclude Include="BitFire\Network\IP.h">
      <Filter>Headerdateien</Filter>
    </ClInclude>
    <ClInclude Include="BitFire\Network\IPv4.h">
      <Filter>Headerdateien</Filter>
    </ClInclude>
    <ClInclude Include="BitFire\Network\IPv6.h">
      <Filter>Headerdateien</Filter>
    </ClInclude>
    <ClInclude Include="BitFire\Mathematic\Geometry\Vector4.hpp">
      <Filter>Headerdateien</Filter>
    </ClInclude>
    <ClInclude Include="BitFire\Mathematic\Geometry\Vector2.hpp">
      <Filter>Headerdateien</Filter>
    </ClInclude>
    <ClInclude Include="BitFire\Mathematic\Geometry\Vector3.hpp">
      <Filter>Headerdateien</Filter>
    </ClInclude>
    <ClInclude Include="BitFire\Mathematic\Geometry\Matrix4x4.hpp">
      <Filter>Headerdateien</Filter>
    </ClInclude>
    <ClInclude Include="BitFire\Mathematic\Geometry\Matrix2x2.hpp">
      <Filter>Headerdateien</Filter>
    </ClInclude>
    <ClInclude Include="BitFire\Mathematic\Geometry\Matrix3x3.hpp">
      <Filter>Headerdateien</Filter>
    </ClInclude>
    <ClInclude Include="BitFire\Level\Level.h">
      <Filter>Headerdateien</Filter>
    </ClInclude>
    <ClInclude Include="BitFire\Mathematic\Physic\Collider.h">
      <Filter>Headerdateien</Filter>
    </ClInclude>
    <ClInclude Include="BitFire\IO\InputSystem.h">
      <Filter>Headerdateien</Filter>
    </ClInclude>
    <ClInclude Include="BitFire\OpenGL\Window\OnInputEvent.h">
      <Filter>Headerdateien</Filter>
    </ClInclude>
    <ClInclude Include="BitFire\OpenGL\Window\OnWindowCloseEvent.h">
      <Filter>Headerdateien</Filter>
    </ClInclude>
    <ClInclude Include="BitFire\UI\UIElement.h">
      <Filter>Headerdateien</Filter>
    </ClInclude>
    <ClInclude Include="BitFire\Mathematic\Geometry\Padding.hpp">
      <Filter>Headerdateien</Filter>
    </ClInclude>
    <ClInclude Include="BitFire\IO\Device\InputButton.h">
      <Filter>Headerdateien</Filter>
    </ClInclude>
    <ClInclude Include="BitFire\Utility\UUID.h">
      <Filter>Headerdateien</Filter>
    </ClInclude>
    <ClInclude Include="BitFire\OpenGL\Render\HUD.h">
      <Filter>Headerdateien</Filter>
    </ClInclude>
    <ClInclude Include="BitFire\Utility\ASCIIString.h">
      <Filter>Headerdateien</Filter>
    </ClInclude>
    <ClInclude Include="BitFire\Resources\ResouceManager.h">
      <Filter>Headerdateien</Filter>
    </ClInclude>
    <ClInclude Include="BitFire\System\GameSystem.h">
      <Filter>Headerdateien</Filter>
    </ClInclude>
    <ClInclude Include="BitFire\Resources\Resource.h">
      <Filter>Headerdateien</Filter>
    </ClInclude>
    <ClInclude Include="BitFire\Resources\ResourceType.h">
      <Filter>Headerdateien</Filter>
    </ClInclude>
    <ClInclude Include="BitFire\Resources\Model\ModelRenderInformation.h">
      <Filter>Headerdateien</Filter>
    </ClInclude>
    <ClInclude Include="BitFire\Utility\RingBuffer.hpp">
      <Filter>Headerdateien</Filter>
    </ClInclude>
    <ClInclude Include="BitFire\Utility\DoubleWord.h">
      <Filter>Headerdateien</Filter>
    </ClInclude>
    <ClInclude Include="BitFire\Utility\Word.h">
      <Filter>Headerdateien</Filter>
    </ClInclude>
    <ClInclude Include="BitFire\Resources\Compression\Deflate\Deflate.h">
      <Filter>Headerdateien</Filter>
    </ClInclude>
    <ClInclude Include="BitFire\Resources\Compression\ZLIB\ZLIB.h">
      <Filter>Headerdateien</Filter>
    </ClInclude>
    <ClInclude Include="BitFire\Resources\Compression\Huffman\HuffmanCodeFixed.h">
      <Filter>Headerdateien</Filter>
    </ClInclude>
    <ClInclude Include="BitFire\Resources\Compression\Deflate\DeflateCompressedBlock.h">
      <Filter>Headerdateien</Filter>
    </ClInclude>
    <ClInclude Include="BitFire\Resources\Compression\ZLIB\ZLibHeader.h">
      <Filter>Headerdateien</Filter>
    </ClInclude>
    <ClInclude Include="BitFire\Utility\BitStreamHusk.h">
      <Filter>Headerdateien</Filter>
    </ClInclude>
    <ClInclude Include="BitFire\Utility\ByteStreamHusk.h">
      <Filter>Headerdateien</Filter>
    </ClInclude>
    <ClInclude Include="BitFire\Resources\Image\TGA\TGAColorType.h">
      <Filter>Headerdateien</Filter>
    </ClInclude>
    <ClInclude Include="BitFire\Resources\Image\TGA\TGA.h">
      <Filter>Headerdateien</Filter>
    </ClInclude>
    <ClInclude Include="BitFire\Resources\Image\TGA\TGAImageDataType.h">
      <Filter>Headerdateien</Filter>
    </ClInclude>
    <ClInclude Include="BitFire\Resources\Image\TGA\TGABitsPerPixel.h">
      <Filter>Headerdateien</Filter>
    </ClInclude>
    <ClInclude Include="BitFire\Resources\Image\ImageFileExtension.h">
      <Filter>Headerdateien</Filter>
    </ClInclude>
    <ClInclude Include="BitFire\Resources\Image\ImageFormat.h">
      <Filter>Headerdateien</Filter>
    </ClInclude>
    <ClInclude Include="BitFire\Resources\Image\ImageFilter.h">
      <Filter>Headerdateien</Filter>
    </ClInclude>
    <ClInclude Include="BitFire\Resources\Image\BMP\BMPType.h">
      <Filter>Headerdateien</Filter>
    </ClInclude>
    <ClInclude Include="BitFire\Resources\Image\PNG\PNGColorType.h">
      <Filter>Headerdateien</Filter>
    </ClInclude>
    <ClInclude Include="BitFire\Resources\Image\PNG\PNGChunk.h">
      <Filter>Headerdateien</Filter>
    </ClInclude>
    <ClInclude Include="BitFire\Resources\Image\PNG\PNGChunkType.h">
      <Filter>Headerdateien</Filter>
    </ClInclude>
    <ClInclude Include="BitFire\Resources\Image\PNG\PNGChunkTypeBlock.h">
      <Filter>Headerdateien</Filter>
    </ClInclude>
    <ClInclude Include="BitFire\Resources\ErrorCode.h">
      <Filter>Headerdateien</Filter>
    </ClInclude>
    <ClInclude Include="BitFire\Resources\File\File.h">
      <Filter>Headerdateien</Filter>
    </ClInclude>
    <ClInclude Include="BitFire\UI\UIImage.h">
      <Filter>Headerdateien</Filter>
    </ClInclude>
    <ClInclude Include="BitFire\UI\UIText.h">
      <Filter>Headerdateien</Filter>
    </ClInclude>
    <ClInclude Include="BitFire\Resources\Model\Material.h">
      <Filter>Headerdateien</Filter>
    </ClInclude>
    <ClInclude Include="BitFire\Resources\Model\OBJ\MTL\MTLMaterial.h">
      <Filter>Headerdateien</Filter>
    </ClInclude>
  </ItemGroup>
</Project>