<?xml version="1.0" encoding="utf-8"?>
<Project ToolsVersion="4.0" xmlns="http://schemas.microsoft.com/developer/msbuild/2003">
  <ItemGroup>
    <Filter Include="Quelldateien">
      <UniqueIdentifier>{4FC737F1-C7A5-4376-A066-2A32D752A2FF}</UniqueIdentifier>
      <Extensions>cpp;c;cc;cxx;c++;cppm;ixx;def;odl;idl;hpj;bat;asm;asmx</Extensions>
    </Filter>
    <Filter Include="Headerdateien">
      <UniqueIdentifier>{93995380-89BD-4b04-88EB-625FBE52EBFB}</UniqueIdentifier>
      <Extensions>h;hh;hpp;hxx;h++;hm;inl;inc;ipp;xsd</Extensions>
    </Filter>
    <Filter Include="Ressourcendateien">
      <UniqueIdentifier>{67DA6AB6-F800-4c08-8B7A-83BB121AAD01}</UniqueIdentifier>
      <Extensions>rc;ico;cur;bmp;dlg;rc2;rct;bin;rgs;gif;jpg;jpeg;jpe;resx;tiff;tif;png;wav;mfcribbon-ms</Extensions>
    </Filter>
  </ItemGroup>
  <ItemGroup>
    <ClInclude Include="Source\Text\Text.h">
      <Filter>Headerdateien</Filter>
    </ClInclude>
    <ClInclude Include="Source\Memory\Memory.h">
      <Filter>Headerdateien</Filter>
    </ClInclude>
    <ClInclude Include="Source\OS\OSVersion.h">
      <Filter>Headerdateien</Filter>
    </ClInclude>
    <ClInclude Include="Source\Math\Math.h">
      <Filter>Headerdateien</Filter>
    </ClInclude>
    <ClInclude Include="Source\File\Format\FNT\FNT.h">
      <Filter>Headerdateien</Filter>
    </ClInclude>
    <ClInclude Include="Source\Library\Library.h">
      <Filter>Headerdateien</Filter>
    </ClInclude>
    <ClInclude Include="Source\File\ParsingStream.h">
      <Filter>Headerdateien</Filter>
    </ClInclude>
    <ClInclude Include="Source\File\Endian.h">
      <Filter>Headerdateien</Filter>
    </ClInclude>
    <ClInclude Include="Source\OS\User.h">
      <Filter>Headerdateien</Filter>
    </ClInclude>
    <ClInclude Include="Source\Async\Await.h">
      <Filter>Headerdateien</Filter>
    </ClInclude>
    <ClInclude Include="Source\Async\Lock.h">
      <Filter>Headerdateien</Filter>
    </ClInclude>
    <ClInclude Include="Source\Async\Thread.h">
      <Filter>Headerdateien</Filter>
    </ClInclude>
    <ClInclude Include="Source\OS\Window.h">
      <Filter>Headerdateien</Filter>
    </ClInclude>
    <ClInclude Include="Source\Device\KeyBoardKey.h">
      <Filter>Headerdateien</Filter>
    </ClInclude>
    <ClInclude Include="Source\Event\Event.h">
      <Filter>Headerdateien</Filter>
    </ClInclude>
  </ItemGroup>
  <ItemGroup>
    <ClCompile Include="Source\Text\Text.c">
      <Filter>Quelldateien</Filter>
    </ClCompile>
    <ClCompile Include="Source\Memory\Memory.c">
      <Filter>Quelldateien</Filter>
    </ClCompile>
    <ClCompile Include="Source\Math\Math.c">
      <Filter>Quelldateien</Filter>
    </ClCompile>
    <ClCompile Include="Source\File\Format\FNT\FNT.c">
      <Filter>Quelldateien</Filter>
    </ClCompile>
    <ClCompile Include="Source\Library\Library.c">
      <Filter>Quelldateien</Filter>
    </ClCompile>
    <ClCompile Include="Source\File\ParsingStream.c">
      <Filter>Quelldateien</Filter>
    </ClCompile>
    <ClCompile Include="Source\File\Endian.c">
      <Filter>Quelldateien</Filter>
    </ClCompile>
    <ClCompile Include="Source\OS\User.c">
      <Filter>Quelldateien</Filter>
    </ClCompile>
    <ClCompile Include="Source\Async\Lock.c">
      <Filter>Quelldateien</Filter>
    </ClCompile>
    <ClCompile Include="Source\Async\Thread.c">
      <Filter>Quelldateien</Filter>
    </ClCompile>
    <ClCompile Include="Source\OS\Window.c">
      <Filter>Quelldateien</Filter>
    </ClCompile>
    <ClCompile Include="Source\Device\KeyBoardKey.c">
      <Filter>Quelldateien</Filter>
    </ClCompile>
    <ClCompile Include="Source\Event\Event.c">
      <Filter>Quelldateien</Filter>
    </ClCompile>
  </ItemGroup>
</Project>